// !$*UTF8*$!
{
	archiveVersion = 1;
	classes = {
	};
	objectVersion = 56;
	objects = {

/* Begin PBXBuildFile section */
		4403BAF62A85D0780058617D /* CategoriesViewController.swift in Sources */ = {isa = PBXBuildFile; fileRef = 4403BAF52A85D0780058617D /* CategoriesViewController.swift */; };
		4403BAF82A85D0D20058617D /* CategoriesGridLayout.swift in Sources */ = {isa = PBXBuildFile; fileRef = 4403BAF72A85D0D20058617D /* CategoriesGridLayout.swift */; };
		4403BAFA2A85D0EF0058617D /* CategoryCell.swift in Sources */ = {isa = PBXBuildFile; fileRef = 4403BAF92A85D0EF0058617D /* CategoryCell.swift */; };
		4403BAFC2A85D1060058617D /* CategoriesViewControllerDelegate.swift in Sources */ = {isa = PBXBuildFile; fileRef = 4403BAFB2A85D1050058617D /* CategoriesViewControllerDelegate.swift */; };
		4403BAFE2A8977810058617D /* ImpulseCategoryButton.swift in Sources */ = {isa = PBXBuildFile; fileRef = 4403BAFD2A8977810058617D /* ImpulseCategoryButton.swift */; };
		4413DCC22A52268C00C39D55 /* ImpulseCollectionViewListCell.swift in Sources */ = {isa = PBXBuildFile; fileRef = 4413DCC12A52268C00C39D55 /* ImpulseCollectionViewListCell.swift */; };
		4413DCC62A5264B800C39D55 /* MainCollectionViewController.swift in Sources */ = {isa = PBXBuildFile; fileRef = 4413DCC52A5264B800C39D55 /* MainCollectionViewController.swift */; };
		4413DCC82A52778E00C39D55 /* NoImpulsesFooter.swift in Sources */ = {isa = PBXBuildFile; fileRef = 4413DCC72A52778E00C39D55 /* NoImpulsesFooter.swift */; };
		442854162A913910009100B4 /* NewAddToCCViewController.swift in Sources */ = {isa = PBXBuildFile; fileRef = 442854152A913910009100B4 /* NewAddToCCViewController.swift */; };
		442854192A916DF7009100B4 /* UIViewControllerExtensions.swift in Sources */ = {isa = PBXBuildFile; fileRef = 442854182A916DF7009100B4 /* UIViewControllerExtensions.swift */; };
		44296B5029F62A8A0030FF3D /* ConsciousCartButton.swift in Sources */ = {isa = PBXBuildFile; fileRef = 44296B4F29F62A8A0030FF3D /* ConsciousCartButton.swift */; };
		442B54E42A7D6FC400383B54 /* ProfileViewController.swift in Sources */ = {isa = PBXBuildFile; fileRef = 442B54E32A7D6FC400383B54 /* ProfileViewController.swift */; };
		442B54E82A7D82F600383B54 /* ImpulseOptionButton.swift in Sources */ = {isa = PBXBuildFile; fileRef = 442B54E72A7D82F600383B54 /* ImpulseOptionButton.swift */; };
		442B54EA2A7D9F5700383B54 /* SectionUILabel.swift in Sources */ = {isa = PBXBuildFile; fileRef = 442B54E92A7D9F5700383B54 /* SectionUILabel.swift */; };
		442B54F92A7DCE9100383B54 /* ImpulsesCollectionViewController.swift in Sources */ = {isa = PBXBuildFile; fileRef = 442B54F82A7DCE9100383B54 /* ImpulsesCollectionViewController.swift */; };
		442F1AA92A8C785E00EDB939 /* CustomChevron.swift in Sources */ = {isa = PBXBuildFile; fileRef = 442F1AA82A8C785E00EDB939 /* CustomChevron.swift */; };
		444222112A11B19000753F8D /* ChangeImageContainerView.swift in Sources */ = {isa = PBXBuildFile; fileRef = 444222102A11B19000753F8D /* ChangeImageContainerView.swift */; };
		444222162A11C3E000753F8D /* ConsciousCart.xcdatamodeld in Sources */ = {isa = PBXBuildFile; fileRef = 444222142A11C3E000753F8D /* ConsciousCart.xcdatamodeld */; };
		4445B89D2A00BD4A0022F281 /* BarcodeScannerViewController.swift in Sources */ = {isa = PBXBuildFile; fileRef = 4445B89C2A00BD4A0022F281 /* BarcodeScannerViewController.swift */; };
		444A58E22A4FB800006FC02B /* MainCollectionViewDataSource.swift in Sources */ = {isa = PBXBuildFile; fileRef = 444A58E12A4FB800006FC02B /* MainCollectionViewDataSource.swift */; };
		444A58E42A4FBCE1006FC02B /* ImpulsesCategoryHeader.swift in Sources */ = {isa = PBXBuildFile; fileRef = 444A58E32A4FBCE1006FC02B /* ImpulsesCategoryHeader.swift */; };
		444A58E62A4FBE68006FC02B /* MainCollectionViewDelegate.swift in Sources */ = {isa = PBXBuildFile; fileRef = 444A58E52A4FBE68006FC02B /* MainCollectionViewDelegate.swift */; };
		4452AD172A4A34BF004C2E7E /* ImpulsesStateManager.swift in Sources */ = {isa = PBXBuildFile; fileRef = 4452AD162A4A34BF004C2E7E /* ImpulsesStateManager.swift */; };
		445B0FBD2A7F2FB30075657C /* OnboardingViewController.swift in Sources */ = {isa = PBXBuildFile; fileRef = 445B0FBC2A7F2FB30075657C /* OnboardingViewController.swift */; };
		445B0FBF2A7F2FFB0075657C /* WelcomeViewController.swift in Sources */ = {isa = PBXBuildFile; fileRef = 445B0FBE2A7F2FFB0075657C /* WelcomeViewController.swift */; };
		445B0FC12A7F34E50075657C /* LaunchScreenViewController.swift in Sources */ = {isa = PBXBuildFile; fileRef = 445B0FC02A7F34E50075657C /* LaunchScreenViewController.swift */; };
		445B0FC32A8023C20075657C /* SecondOnboardingView.swift in Sources */ = {isa = PBXBuildFile; fileRef = 445B0FC22A8023C20075657C /* SecondOnboardingView.swift */; };
		445B0FC52A802F5A0075657C /* UsernameOnboardingViewController.swift in Sources */ = {isa = PBXBuildFile; fileRef = 445B0FC42A802F5A0075657C /* UsernameOnboardingViewController.swift */; };
		445B0FC72A80486F0075657C /* SubmitUsernameButton.swift in Sources */ = {isa = PBXBuildFile; fileRef = 445B0FC62A80486F0075657C /* SubmitUsernameButton.swift */; };
		445E50452A745C1400DAFCDF /* CoinView.swift in Sources */ = {isa = PBXBuildFile; fileRef = 445E50442A745C1400DAFCDF /* CoinView.swift */; };
		445E506A2A74AF9900DAFCDF /* MotionManager.swift in Sources */ = {isa = PBXBuildFile; fileRef = 445E50692A74AF9900DAFCDF /* MotionManager.swift */; };
		445E506E2A74B57300DAFCDF /* SparkleShape.swift in Sources */ = {isa = PBXBuildFile; fileRef = 445E506D2A74B57300DAFCDF /* SparkleShape.swift */; };
		445EF7B12A1879630013ACB1 /* ImpulseDetailViewController.swift in Sources */ = {isa = PBXBuildFile; fileRef = 445EF7B02A1879630013ACB1 /* ImpulseDetailViewController.swift */; };
		445EF7B52A187B140013ACB1 /* SettingsViewController.swift in Sources */ = {isa = PBXBuildFile; fileRef = 445EF7B42A187B140013ACB1 /* SettingsViewController.swift */; };
		446F9DD92A7B415100997D48 /* StatefulPreviewWrapper.swift in Sources */ = {isa = PBXBuildFile; fileRef = 446F9DD82A7B415100997D48 /* StatefulPreviewWrapper.swift */; };
		447162C82A82A8C0001D7721 /* MailView.swift in Sources */ = {isa = PBXBuildFile; fileRef = 447162C72A82A8C0001D7721 /* MailView.swift */; };
		447162FB2A83E435001D7721 /* CreateMainUI.swift in Sources */ = {isa = PBXBuildFile; fileRef = 447162FA2A83E435001D7721 /* CreateMainUI.swift */; };
		44846ED92A92ADD300FB741F /* SavingsChart.swift in Sources */ = {isa = PBXBuildFile; fileRef = 44846ED82A92ADD300FB741F /* SavingsChart.swift */; };
		448533F42A76C47C006CBE69 /* CoreDataManager.swift in Sources */ = {isa = PBXBuildFile; fileRef = 448533F32A76C47C006CBE69 /* CoreDataManager.swift */; };
		448534032A774E40006CBE69 /* UserStats+CoreDataClass.swift in Sources */ = {isa = PBXBuildFile; fileRef = 448534012A774E40006CBE69 /* UserStats+CoreDataClass.swift */; };
		448534042A774E40006CBE69 /* UserStats+CoreDataProperties.swift in Sources */ = {isa = PBXBuildFile; fileRef = 448534022A774E40006CBE69 /* UserStats+CoreDataProperties.swift */; };
		448807AB2A6A073A005377DE /* ImpulseExpiredViewController.swift in Sources */ = {isa = PBXBuildFile; fileRef = 448807AA2A6A073A005377DE /* ImpulseExpiredViewController.swift */; };
		448D94132A3EA1020035B34C /* CCFonts.swift in Sources */ = {isa = PBXBuildFile; fileRef = 448D94122A3EA1020035B34C /* CCFonts.swift */; };
		448D94152A3EA4870035B34C /* Nunito-SemiBold.ttf in Resources */ = {isa = PBXBuildFile; fileRef = 448D94142A3EA4870035B34C /* Nunito-SemiBold.ttf */; };
		4496A0562A16895F004C1349 /* Nunito-Regular.ttf in Resources */ = {isa = PBXBuildFile; fileRef = 4496A0552A16895F004C1349 /* Nunito-Regular.ttf */; };
		4496A0582A16896F004C1349 /* OFL_Nunito.txt in Resources */ = {isa = PBXBuildFile; fileRef = 4496A0572A16896F004C1349 /* OFL_Nunito.txt */; };
		4496A05A2A170F3E004C1349 /* Utils.swift in Sources */ = {isa = PBXBuildFile; fileRef = 4496A0592A170F3E004C1349 /* Utils.swift */; };
		4496A05C2A171014004C1349 /* Nunito-Bold.ttf in Resources */ = {isa = PBXBuildFile; fileRef = 4496A05B2A171014004C1349 /* Nunito-Bold.ttf */; };
		4497D8C02A3583E900713730 /* Impulse+CoreDataClass.swift in Sources */ = {isa = PBXBuildFile; fileRef = 4497D8BE2A3583E900713730 /* Impulse+CoreDataClass.swift */; };
		4497D8C12A3583E900713730 /* Impulse+CoreDataProperties.swift in Sources */ = {isa = PBXBuildFile; fileRef = 4497D8BF2A3583E900713730 /* Impulse+CoreDataProperties.swift */; };
		4497E39B29F358BC0029451E /* AppDelegate.swift in Sources */ = {isa = PBXBuildFile; fileRef = 4497E39A29F358BC0029451E /* AppDelegate.swift */; };
		4497E39D29F358BC0029451E /* SceneDelegate.swift in Sources */ = {isa = PBXBuildFile; fileRef = 4497E39C29F358BC0029451E /* SceneDelegate.swift */; };
		4497E3A429F358BC0029451E /* Assets.xcassets in Resources */ = {isa = PBXBuildFile; fileRef = 4497E3A329F358BC0029451E /* Assets.xcassets */; };
		4497E3A729F358BC0029451E /* LaunchScreen.storyboard in Resources */ = {isa = PBXBuildFile; fileRef = 4497E3A529F358BC0029451E /* LaunchScreen.storyboard */; };
		44AA7C1B2A6E13480089412A /* SPConfetti in Frameworks */ = {isa = PBXBuildFile; productRef = 44AA7C1A2A6E13480089412A /* SPConfetti */; };
		44AACCD72A0344AF0053334C /* BarcodeAPIManager.swift in Sources */ = {isa = PBXBuildFile; fileRef = 44AACCD62A0344AF0053334C /* BarcodeAPIManager.swift */; };
		44AACCDB2A0346260053334C /* BarcodeInfo.swift in Sources */ = {isa = PBXBuildFile; fileRef = 44AACCDA2A0346260053334C /* BarcodeInfo.swift */; };
		44AACCDD2A0357240053334C /* ConsciousCartTextField.swift in Sources */ = {isa = PBXBuildFile; fileRef = 44AACCDC2A0357240053334C /* ConsciousCartTextField.swift */; };
		44C749E22A58F007000AAE63 /* CurrencyTextField.swift in Sources */ = {isa = PBXBuildFile; fileRef = 44C749E12A58F007000AAE63 /* CurrencyTextField.swift */; };
		44C749E62A58FC70000AAE63 /* Extensions.swift in Sources */ = {isa = PBXBuildFile; fileRef = 44C749E52A58FC70000AAE63 /* Extensions.swift */; };
		44C749E82A58FE57000AAE63 /* Enums.swift in Sources */ = {isa = PBXBuildFile; fileRef = 44C749E72A58FE57000AAE63 /* Enums.swift */; };
		44C9AFDC2A5A444200B03846 /* SettingsView.swift in Sources */ = {isa = PBXBuildFile; fileRef = 44C9AFDB2A5A444200B03846 /* SettingsView.swift */; };
		44C9AFDE2A5A53EA00B03846 /* AboutView.swift in Sources */ = {isa = PBXBuildFile; fileRef = 44C9AFDD2A5A53EA00B03846 /* AboutView.swift */; };
		44D5F8E02A1BE16000B215E4 /* TextViewAnimatableCurrency.swift in Sources */ = {isa = PBXBuildFile; fileRef = 44D5F8DF2A1BE16000B215E4 /* TextViewAnimatableCurrency.swift */; };
		44D7291D2A0A9E710031A9EE /* Righteous-Regular.ttf in Resources */ = {isa = PBXBuildFile; fileRef = 44D7291C2A0A9E710031A9EE /* Righteous-Regular.ttf */; };
		44D7291F2A0A9EF60031A9EE /* OFL_Righteous.txt in Resources */ = {isa = PBXBuildFile; fileRef = 44D7291E2A0A9EF60031A9EE /* OFL_Righteous.txt */; };
		44EA21FD2A7AB75700ECC74C /* ButtonStyles.swift in Sources */ = {isa = PBXBuildFile; fileRef = 44EA21FC2A7AB75700ECC74C /* ButtonStyles.swift */; };
		44EA21FF2A7AB78600ECC74C /* SectionLabel.swift in Sources */ = {isa = PBXBuildFile; fileRef = 44EA21FE2A7AB78600ECC74C /* SectionLabel.swift */; };
		44EA22012A7AE52F00ECC74C /* CustomColorPicker.swift in Sources */ = {isa = PBXBuildFile; fileRef = 44EA22002A7AE52F00ECC74C /* CustomColorPicker.swift */; };
		44EC75152A6CBF9700B5B15D /* StringExtensionsTests.swift in Sources */ = {isa = PBXBuildFile; fileRef = 44EC75142A6CBF9700B5B15D /* StringExtensionsTests.swift */; };
		44F2EDC82A6F5D2B002D714D /* ConsciousCartTextView.swift in Sources */ = {isa = PBXBuildFile; fileRef = 44F2EDC72A6F5D2B002D714D /* ConsciousCartTextView.swift */; };
/* End PBXBuildFile section */

/* Begin PBXContainerItemProxy section */
		4497E3AE29F358BD0029451E /* PBXContainerItemProxy */ = {
			isa = PBXContainerItemProxy;
			containerPortal = 4497E38F29F358BC0029451E /* Project object */;
			proxyType = 1;
			remoteGlobalIDString = 4497E39629F358BC0029451E;
			remoteInfo = ConsciousCart;
		};
/* End PBXContainerItemProxy section */

/* Begin PBXFileReference section */
		4403BAF52A85D0780058617D /* CategoriesViewController.swift */ = {isa = PBXFileReference; lastKnownFileType = sourcecode.swift; path = CategoriesViewController.swift; sourceTree = "<group>"; };
		4403BAF72A85D0D20058617D /* CategoriesGridLayout.swift */ = {isa = PBXFileReference; lastKnownFileType = sourcecode.swift; path = CategoriesGridLayout.swift; sourceTree = "<group>"; };
		4403BAF92A85D0EF0058617D /* CategoryCell.swift */ = {isa = PBXFileReference; lastKnownFileType = sourcecode.swift; path = CategoryCell.swift; sourceTree = "<group>"; };
		4403BAFB2A85D1050058617D /* CategoriesViewControllerDelegate.swift */ = {isa = PBXFileReference; lastKnownFileType = sourcecode.swift; path = CategoriesViewControllerDelegate.swift; sourceTree = "<group>"; };
		4403BAFD2A8977810058617D /* ImpulseCategoryButton.swift */ = {isa = PBXFileReference; lastKnownFileType = sourcecode.swift; path = ImpulseCategoryButton.swift; sourceTree = "<group>"; };
		4413DCC12A52268C00C39D55 /* ImpulseCollectionViewListCell.swift */ = {isa = PBXFileReference; lastKnownFileType = sourcecode.swift; path = ImpulseCollectionViewListCell.swift; sourceTree = "<group>"; };
		4413DCC52A5264B800C39D55 /* MainCollectionViewController.swift */ = {isa = PBXFileReference; lastKnownFileType = sourcecode.swift; path = MainCollectionViewController.swift; sourceTree = "<group>"; };
		4413DCC72A52778E00C39D55 /* NoImpulsesFooter.swift */ = {isa = PBXFileReference; lastKnownFileType = sourcecode.swift; path = NoImpulsesFooter.swift; sourceTree = "<group>"; };
		442854152A913910009100B4 /* NewAddToCCViewController.swift */ = {isa = PBXFileReference; lastKnownFileType = sourcecode.swift; path = NewAddToCCViewController.swift; sourceTree = "<group>"; };
		442854182A916DF7009100B4 /* UIViewControllerExtensions.swift */ = {isa = PBXFileReference; lastKnownFileType = sourcecode.swift; path = UIViewControllerExtensions.swift; sourceTree = "<group>"; };
		44296B4F29F62A8A0030FF3D /* ConsciousCartButton.swift */ = {isa = PBXFileReference; lastKnownFileType = sourcecode.swift; path = ConsciousCartButton.swift; sourceTree = "<group>"; };
		442B54E32A7D6FC400383B54 /* ProfileViewController.swift */ = {isa = PBXFileReference; lastKnownFileType = sourcecode.swift; path = ProfileViewController.swift; sourceTree = "<group>"; };
		442B54E72A7D82F600383B54 /* ImpulseOptionButton.swift */ = {isa = PBXFileReference; lastKnownFileType = sourcecode.swift; path = ImpulseOptionButton.swift; sourceTree = "<group>"; };
		442B54E92A7D9F5700383B54 /* SectionUILabel.swift */ = {isa = PBXFileReference; lastKnownFileType = sourcecode.swift; path = SectionUILabel.swift; sourceTree = "<group>"; };
		442B54F82A7DCE9100383B54 /* ImpulsesCollectionViewController.swift */ = {isa = PBXFileReference; lastKnownFileType = sourcecode.swift; path = ImpulsesCollectionViewController.swift; sourceTree = "<group>"; };
		442F1AA82A8C785E00EDB939 /* CustomChevron.swift */ = {isa = PBXFileReference; lastKnownFileType = sourcecode.swift; path = CustomChevron.swift; sourceTree = "<group>"; };
		444222102A11B19000753F8D /* ChangeImageContainerView.swift */ = {isa = PBXFileReference; lastKnownFileType = sourcecode.swift; path = ChangeImageContainerView.swift; sourceTree = "<group>"; };
		444222152A11C3E000753F8D /* ConsciousCart.xcdatamodel */ = {isa = PBXFileReference; lastKnownFileType = wrapper.xcdatamodel; path = ConsciousCart.xcdatamodel; sourceTree = "<group>"; };
		4445B89C2A00BD4A0022F281 /* BarcodeScannerViewController.swift */ = {isa = PBXFileReference; lastKnownFileType = sourcecode.swift; path = BarcodeScannerViewController.swift; sourceTree = "<group>"; };
		444A58E12A4FB800006FC02B /* MainCollectionViewDataSource.swift */ = {isa = PBXFileReference; lastKnownFileType = sourcecode.swift; path = MainCollectionViewDataSource.swift; sourceTree = "<group>"; };
		444A58E32A4FBCE1006FC02B /* ImpulsesCategoryHeader.swift */ = {isa = PBXFileReference; lastKnownFileType = sourcecode.swift; path = ImpulsesCategoryHeader.swift; sourceTree = "<group>"; };
		444A58E52A4FBE68006FC02B /* MainCollectionViewDelegate.swift */ = {isa = PBXFileReference; lastKnownFileType = sourcecode.swift; path = MainCollectionViewDelegate.swift; sourceTree = "<group>"; };
		4452AD162A4A34BF004C2E7E /* ImpulsesStateManager.swift */ = {isa = PBXFileReference; lastKnownFileType = sourcecode.swift; path = ImpulsesStateManager.swift; sourceTree = "<group>"; };
		445B0FBC2A7F2FB30075657C /* OnboardingViewController.swift */ = {isa = PBXFileReference; lastKnownFileType = sourcecode.swift; path = OnboardingViewController.swift; sourceTree = "<group>"; };
		445B0FBE2A7F2FFB0075657C /* WelcomeViewController.swift */ = {isa = PBXFileReference; lastKnownFileType = sourcecode.swift; path = WelcomeViewController.swift; sourceTree = "<group>"; };
		445B0FC02A7F34E50075657C /* LaunchScreenViewController.swift */ = {isa = PBXFileReference; lastKnownFileType = sourcecode.swift; path = LaunchScreenViewController.swift; sourceTree = "<group>"; };
		445B0FC22A8023C20075657C /* SecondOnboardingView.swift */ = {isa = PBXFileReference; lastKnownFileType = sourcecode.swift; path = SecondOnboardingView.swift; sourceTree = "<group>"; };
		445B0FC42A802F5A0075657C /* UsernameOnboardingViewController.swift */ = {isa = PBXFileReference; lastKnownFileType = sourcecode.swift; path = UsernameOnboardingViewController.swift; sourceTree = "<group>"; };
		445B0FC62A80486F0075657C /* SubmitUsernameButton.swift */ = {isa = PBXFileReference; lastKnownFileType = sourcecode.swift; path = SubmitUsernameButton.swift; sourceTree = "<group>"; };
		445B0FC82A8171A00075657C /* Config.xcconfig */ = {isa = PBXFileReference; lastKnownFileType = text.xcconfig; path = Config.xcconfig; sourceTree = "<group>"; };
		445E50442A745C1400DAFCDF /* CoinView.swift */ = {isa = PBXFileReference; lastKnownFileType = sourcecode.swift; path = CoinView.swift; sourceTree = "<group>"; };
		445E50692A74AF9900DAFCDF /* MotionManager.swift */ = {isa = PBXFileReference; lastKnownFileType = sourcecode.swift; path = MotionManager.swift; sourceTree = "<group>"; };
		445E506D2A74B57300DAFCDF /* SparkleShape.swift */ = {isa = PBXFileReference; lastKnownFileType = sourcecode.swift; path = SparkleShape.swift; sourceTree = "<group>"; };
		445EF7B02A1879630013ACB1 /* ImpulseDetailViewController.swift */ = {isa = PBXFileReference; lastKnownFileType = sourcecode.swift; path = ImpulseDetailViewController.swift; sourceTree = "<group>"; };
		445EF7B42A187B140013ACB1 /* SettingsViewController.swift */ = {isa = PBXFileReference; lastKnownFileType = sourcecode.swift; path = SettingsViewController.swift; sourceTree = "<group>"; };
		446F9DD82A7B415100997D48 /* StatefulPreviewWrapper.swift */ = {isa = PBXFileReference; lastKnownFileType = sourcecode.swift; path = StatefulPreviewWrapper.swift; sourceTree = "<group>"; };
		447162C72A82A8C0001D7721 /* MailView.swift */ = {isa = PBXFileReference; lastKnownFileType = sourcecode.swift; path = MailView.swift; sourceTree = "<group>"; };
		447162FA2A83E435001D7721 /* CreateMainUI.swift */ = {isa = PBXFileReference; lastKnownFileType = sourcecode.swift; path = CreateMainUI.swift; sourceTree = "<group>"; };
		44846ED82A92ADD300FB741F /* SavingsChart.swift */ = {isa = PBXFileReference; lastKnownFileType = sourcecode.swift; path = SavingsChart.swift; sourceTree = "<group>"; };
		448533F32A76C47C006CBE69 /* CoreDataManager.swift */ = {isa = PBXFileReference; lastKnownFileType = sourcecode.swift; path = CoreDataManager.swift; sourceTree = "<group>"; };
		448534012A774E40006CBE69 /* UserStats+CoreDataClass.swift */ = {isa = PBXFileReference; lastKnownFileType = sourcecode.swift; path = "UserStats+CoreDataClass.swift"; sourceTree = "<group>"; };
		448534022A774E40006CBE69 /* UserStats+CoreDataProperties.swift */ = {isa = PBXFileReference; lastKnownFileType = sourcecode.swift; path = "UserStats+CoreDataProperties.swift"; sourceTree = "<group>"; };
		448807AA2A6A073A005377DE /* ImpulseExpiredViewController.swift */ = {isa = PBXFileReference; lastKnownFileType = sourcecode.swift; path = ImpulseExpiredViewController.swift; sourceTree = "<group>"; };
		448D94122A3EA1020035B34C /* CCFonts.swift */ = {isa = PBXFileReference; lastKnownFileType = sourcecode.swift; path = CCFonts.swift; sourceTree = "<group>"; };
		448D94142A3EA4870035B34C /* Nunito-SemiBold.ttf */ = {isa = PBXFileReference; lastKnownFileType = file; path = "Nunito-SemiBold.ttf"; sourceTree = "<group>"; };
		4496A0552A16895F004C1349 /* Nunito-Regular.ttf */ = {isa = PBXFileReference; lastKnownFileType = file; path = "Nunito-Regular.ttf"; sourceTree = "<group>"; };
		4496A0572A16896F004C1349 /* OFL_Nunito.txt */ = {isa = PBXFileReference; fileEncoding = 4; lastKnownFileType = text; path = OFL_Nunito.txt; sourceTree = "<group>"; };
		4496A0592A170F3E004C1349 /* Utils.swift */ = {isa = PBXFileReference; lastKnownFileType = sourcecode.swift; path = Utils.swift; sourceTree = "<group>"; };
		4496A05B2A171014004C1349 /* Nunito-Bold.ttf */ = {isa = PBXFileReference; lastKnownFileType = file; path = "Nunito-Bold.ttf"; sourceTree = "<group>"; };
		4497D8BE2A3583E900713730 /* Impulse+CoreDataClass.swift */ = {isa = PBXFileReference; lastKnownFileType = sourcecode.swift; path = "Impulse+CoreDataClass.swift"; sourceTree = "<group>"; };
		4497D8BF2A3583E900713730 /* Impulse+CoreDataProperties.swift */ = {isa = PBXFileReference; lastKnownFileType = sourcecode.swift; path = "Impulse+CoreDataProperties.swift"; sourceTree = "<group>"; };
		4497E39729F358BC0029451E /* ConsciousCart.app */ = {isa = PBXFileReference; explicitFileType = wrapper.application; includeInIndex = 0; path = ConsciousCart.app; sourceTree = BUILT_PRODUCTS_DIR; };
		4497E39A29F358BC0029451E /* AppDelegate.swift */ = {isa = PBXFileReference; lastKnownFileType = sourcecode.swift; path = AppDelegate.swift; sourceTree = "<group>"; };
		4497E39C29F358BC0029451E /* SceneDelegate.swift */ = {isa = PBXFileReference; lastKnownFileType = sourcecode.swift; path = SceneDelegate.swift; sourceTree = "<group>"; };
		4497E3A329F358BC0029451E /* Assets.xcassets */ = {isa = PBXFileReference; lastKnownFileType = folder.assetcatalog; path = Assets.xcassets; sourceTree = "<group>"; };
		4497E3A629F358BC0029451E /* Base */ = {isa = PBXFileReference; lastKnownFileType = file.storyboard; name = Base; path = Base.lproj/LaunchScreen.storyboard; sourceTree = "<group>"; };
		4497E3A829F358BC0029451E /* Info.plist */ = {isa = PBXFileReference; lastKnownFileType = text.plist.xml; path = Info.plist; sourceTree = "<group>"; };
		4497E3AD29F358BD0029451E /* ConsciousCartTests.xctest */ = {isa = PBXFileReference; explicitFileType = wrapper.cfbundle; includeInIndex = 0; path = ConsciousCartTests.xctest; sourceTree = BUILT_PRODUCTS_DIR; };
		44AACCD62A0344AF0053334C /* BarcodeAPIManager.swift */ = {isa = PBXFileReference; lastKnownFileType = sourcecode.swift; path = BarcodeAPIManager.swift; sourceTree = "<group>"; };
		44AACCDA2A0346260053334C /* BarcodeInfo.swift */ = {isa = PBXFileReference; lastKnownFileType = sourcecode.swift; path = BarcodeInfo.swift; sourceTree = "<group>"; };
		44AACCDC2A0357240053334C /* ConsciousCartTextField.swift */ = {isa = PBXFileReference; lastKnownFileType = sourcecode.swift; path = ConsciousCartTextField.swift; sourceTree = "<group>"; };
		44C749E12A58F007000AAE63 /* CurrencyTextField.swift */ = {isa = PBXFileReference; lastKnownFileType = sourcecode.swift; path = CurrencyTextField.swift; sourceTree = "<group>"; };
		44C749E52A58FC70000AAE63 /* Extensions.swift */ = {isa = PBXFileReference; lastKnownFileType = sourcecode.swift; path = Extensions.swift; sourceTree = "<group>"; };
		44C749E72A58FE57000AAE63 /* Enums.swift */ = {isa = PBXFileReference; lastKnownFileType = sourcecode.swift; path = Enums.swift; sourceTree = "<group>"; };
		44C9AFDB2A5A444200B03846 /* SettingsView.swift */ = {isa = PBXFileReference; lastKnownFileType = sourcecode.swift; path = SettingsView.swift; sourceTree = "<group>"; };
		44C9AFDD2A5A53EA00B03846 /* AboutView.swift */ = {isa = PBXFileReference; lastKnownFileType = sourcecode.swift; path = AboutView.swift; sourceTree = "<group>"; };
		44D5F8DF2A1BE16000B215E4 /* TextViewAnimatableCurrency.swift */ = {isa = PBXFileReference; lastKnownFileType = sourcecode.swift; path = TextViewAnimatableCurrency.swift; sourceTree = "<group>"; };
		44D7291C2A0A9E710031A9EE /* Righteous-Regular.ttf */ = {isa = PBXFileReference; lastKnownFileType = file; path = "Righteous-Regular.ttf"; sourceTree = "<group>"; };
		44D7291E2A0A9EF60031A9EE /* OFL_Righteous.txt */ = {isa = PBXFileReference; fileEncoding = 4; lastKnownFileType = text; path = OFL_Righteous.txt; sourceTree = "<group>"; };
		44EA21FC2A7AB75700ECC74C /* ButtonStyles.swift */ = {isa = PBXFileReference; lastKnownFileType = sourcecode.swift; path = ButtonStyles.swift; sourceTree = "<group>"; };
		44EA21FE2A7AB78600ECC74C /* SectionLabel.swift */ = {isa = PBXFileReference; lastKnownFileType = sourcecode.swift; path = SectionLabel.swift; sourceTree = "<group>"; };
		44EA22002A7AE52F00ECC74C /* CustomColorPicker.swift */ = {isa = PBXFileReference; lastKnownFileType = sourcecode.swift; path = CustomColorPicker.swift; sourceTree = "<group>"; };
		44EC75142A6CBF9700B5B15D /* StringExtensionsTests.swift */ = {isa = PBXFileReference; lastKnownFileType = sourcecode.swift; path = StringExtensionsTests.swift; sourceTree = "<group>"; };
		44F2EDC72A6F5D2B002D714D /* ConsciousCartTextView.swift */ = {isa = PBXFileReference; lastKnownFileType = sourcecode.swift; path = ConsciousCartTextView.swift; sourceTree = "<group>"; };
/* End PBXFileReference section */

/* Begin PBXFrameworksBuildPhase section */
		4497E39429F358BC0029451E /* Frameworks */ = {
			isa = PBXFrameworksBuildPhase;
			buildActionMask = 2147483647;
			files = (
				44AA7C1B2A6E13480089412A /* SPConfetti in Frameworks */,
			);
			runOnlyForDeploymentPostprocessing = 0;
		};
		4497E3AA29F358BD0029451E /* Frameworks */ = {
			isa = PBXFrameworksBuildPhase;
			buildActionMask = 2147483647;
			files = (
			);
			runOnlyForDeploymentPostprocessing = 0;
		};
/* End PBXFrameworksBuildPhase section */

/* Begin PBXGroup section */
		4403BAF42A85D0510058617D /* CategoriesViewController */ = {
			isa = PBXGroup;
			children = (
				4403BAF52A85D0780058617D /* CategoriesViewController.swift */,
				4403BAF72A85D0D20058617D /* CategoriesGridLayout.swift */,
				4403BAFB2A85D1050058617D /* CategoriesViewControllerDelegate.swift */,
			);
			path = CategoriesViewController;
			sourceTree = "<group>";
		};
		442854172A916DEB009100B4 /* Extensions */ = {
			isa = PBXGroup;
			children = (
				44C749E52A58FC70000AAE63 /* Extensions.swift */,
				442854182A916DF7009100B4 /* UIViewControllerExtensions.swift */,
			);
			path = Extensions;
			sourceTree = "<group>";
		};
		442B54E22A7D6FA300383B54 /* ProfileView */ = {
			isa = PBXGroup;
			children = (
				442B54E32A7D6FC400383B54 /* ProfileViewController.swift */,
				442B54F82A7DCE9100383B54 /* ImpulsesCollectionViewController.swift */,
			);
			path = ProfileView;
			sourceTree = "<group>";
		};
		442B54EB2A7DA0EF00383B54 /* SettingsView */ = {
			isa = PBXGroup;
			children = (
				445EF7B42A187B140013ACB1 /* SettingsViewController.swift */,
			);
			path = SettingsView;
			sourceTree = "<group>";
		};
		442B92612A34D86D0042082C /* AddToConsciousCartView */ = {
			isa = PBXGroup;
			children = (
				4445B89C2A00BD4A0022F281 /* BarcodeScannerViewController.swift */,
				442854152A913910009100B4 /* NewAddToCCViewController.swift */,
			);
			path = AddToConsciousCartView;
			sourceTree = "<group>";
		};
		442F1AAA2A8C797A00EDB939 /* CategoriesViews */ = {
			isa = PBXGroup;
			children = (
				4403BAF92A85D0EF0058617D /* CategoryCell.swift */,
				4403BAFD2A8977810058617D /* ImpulseCategoryButton.swift */,
			);
			path = CategoriesViews;
			sourceTree = "<group>";
		};
		443DC34F2A59F50600A9DCF0 /* OtherViews */ = {
			isa = PBXGroup;
			children = (
				442B54E72A7D82F600383B54 /* ImpulseOptionButton.swift */,
				44D5F8DF2A1BE16000B215E4 /* TextViewAnimatableCurrency.swift */,
				44C749E12A58F007000AAE63 /* CurrencyTextField.swift */,
				44296B4F29F62A8A0030FF3D /* ConsciousCartButton.swift */,
				444222102A11B19000753F8D /* ChangeImageContainerView.swift */,
				44AACCDC2A0357240053334C /* ConsciousCartTextField.swift */,
				44F2EDC72A6F5D2B002D714D /* ConsciousCartTextView.swift */,
				445E50682A74AF8800DAFCDF /* CoinView */,
				44EA21FE2A7AB78600ECC74C /* SectionLabel.swift */,
				44EA22002A7AE52F00ECC74C /* CustomColorPicker.swift */,
				442B54E92A7D9F5700383B54 /* SectionUILabel.swift */,
				442F1AA82A8C785E00EDB939 /* CustomChevron.swift */,
			);
			path = OtherViews;
			sourceTree = "<group>";
		};
		444A58E72A4FC353006FC02B /* MainCollectionView */ = {
			isa = PBXGroup;
			children = (
				44846ED72A92AC9400FB741F /* SavingsChart */,
				4413DCC12A52268C00C39D55 /* ImpulseCollectionViewListCell.swift */,
				444A58E32A4FBCE1006FC02B /* ImpulsesCategoryHeader.swift */,
				4413DCC72A52778E00C39D55 /* NoImpulsesFooter.swift */,
			);
			path = MainCollectionView;
			sourceTree = "<group>";
		};
		4450EED12A088A6A00D8C680 /* DataManagers */ = {
			isa = PBXGroup;
			children = (
				4452AD162A4A34BF004C2E7E /* ImpulsesStateManager.swift */,
				44AACCD62A0344AF0053334C /* BarcodeAPIManager.swift */,
				448533F32A76C47C006CBE69 /* CoreDataManager.swift */,
			);
			path = DataManagers;
			sourceTree = "<group>";
		};
		445B0FBB2A7EEEC20075657C /* Onboarding */ = {
			isa = PBXGroup;
			children = (
				445B0FBC2A7F2FB30075657C /* OnboardingViewController.swift */,
				445B0FBE2A7F2FFB0075657C /* WelcomeViewController.swift */,
				445B0FC22A8023C20075657C /* SecondOnboardingView.swift */,
				445B0FC42A802F5A0075657C /* UsernameOnboardingViewController.swift */,
				445B0FC62A80486F0075657C /* SubmitUsernameButton.swift */,
			);
			path = Onboarding;
			sourceTree = "<group>";
		};
		445E50682A74AF8800DAFCDF /* CoinView */ = {
			isa = PBXGroup;
			children = (
				445E506D2A74B57300DAFCDF /* SparkleShape.swift */,
				445E50442A745C1400DAFCDF /* CoinView.swift */,
				445E50692A74AF9900DAFCDF /* MotionManager.swift */,
			);
			path = CoinView;
			sourceTree = "<group>";
		};
		44846ED72A92AC9400FB741F /* SavingsChart */ = {
			isa = PBXGroup;
			children = (
				44846ED82A92ADD300FB741F /* SavingsChart.swift */,
			);
			path = SavingsChart;
			sourceTree = "<group>";
		};
		448807A82A69CD2C005377DE /* SettingsView */ = {
			isa = PBXGroup;
			children = (
				44C9AFDB2A5A444200B03846 /* SettingsView.swift */,
				44C9AFDD2A5A53EA00B03846 /* AboutView.swift */,
				447162C72A82A8C0001D7721 /* MailView.swift */,
			);
			path = SettingsView;
			sourceTree = "<group>";
		};
		448807A92A6A0705005377DE /* ImpulseExpiredView */ = {
			isa = PBXGroup;
			children = (
				448807AA2A6A073A005377DE /* ImpulseExpiredViewController.swift */,
			);
			path = ImpulseExpiredView;
			sourceTree = "<group>";
		};
		4497E38E29F358BC0029451E = {
			isa = PBXGroup;
			children = (
				445B0FC82A8171A00075657C /* Config.xcconfig */,
				4497E39929F358BC0029451E /* ConsciousCart */,
				4497E3B029F358BD0029451E /* ConsciousCartTests */,
				4497E39829F358BC0029451E /* Products */,
			);
			sourceTree = "<group>";
		};
		4497E39829F358BC0029451E /* Products */ = {
			isa = PBXGroup;
			children = (
				4497E39729F358BC0029451E /* ConsciousCart.app */,
				4497E3AD29F358BD0029451E /* ConsciousCartTests.xctest */,
			);
			name = Products;
			sourceTree = "<group>";
		};
		4497E39929F358BC0029451E /* ConsciousCart */ = {
			isa = PBXGroup;
			children = (
				4497E39A29F358BC0029451E /* AppDelegate.swift */,
				4497E39C29F358BC0029451E /* SceneDelegate.swift */,
				4450EED12A088A6A00D8C680 /* DataManagers */,
				4497E3D929F35B040029451E /* DataModels */,
				4497E3DA29F35B090029451E /* Views */,
				4497E3DB29F35B150029451E /* Controllers */,
				44D7291B2A0A9E4D0031A9EE /* Resources */,
				4497E3A329F358BC0029451E /* Assets.xcassets */,
				4497E3A829F358BC0029451E /* Info.plist */,
			);
			path = ConsciousCart;
			sourceTree = "<group>";
		};
		4497E3B029F358BD0029451E /* ConsciousCartTests */ = {
			isa = PBXGroup;
			children = (
				44EC75142A6CBF9700B5B15D /* StringExtensionsTests.swift */,
			);
			path = ConsciousCartTests;
			sourceTree = "<group>";
		};
		4497E3D929F35B040029451E /* DataModels */ = {
			isa = PBXGroup;
			children = (
				448534012A774E40006CBE69 /* UserStats+CoreDataClass.swift */,
				448534022A774E40006CBE69 /* UserStats+CoreDataProperties.swift */,
				4497D8BE2A3583E900713730 /* Impulse+CoreDataClass.swift */,
				4497D8BF2A3583E900713730 /* Impulse+CoreDataProperties.swift */,
				444222142A11C3E000753F8D /* ConsciousCart.xcdatamodeld */,
				44AACCDA2A0346260053334C /* BarcodeInfo.swift */,
			);
			path = DataModels;
			sourceTree = "<group>";
		};
		4497E3DA29F35B090029451E /* Views */ = {
			isa = PBXGroup;
			children = (
				4497E3A529F358BC0029451E /* LaunchScreen.storyboard */,
				444A58E72A4FC353006FC02B /* MainCollectionView */,
				442F1AAA2A8C797A00EDB939 /* CategoriesViews */,
				448807A82A69CD2C005377DE /* SettingsView */,
				443DC34F2A59F50600A9DCF0 /* OtherViews */,
			);
			path = Views;
			sourceTree = "<group>";
		};
		4497E3DB29F35B150029451E /* Controllers */ = {
			isa = PBXGroup;
			children = (
				445B0FC02A7F34E50075657C /* LaunchScreenViewController.swift */,
				445B0FBB2A7EEEC20075657C /* Onboarding */,
				447162FA2A83E435001D7721 /* CreateMainUI.swift */,
				442B92612A34D86D0042082C /* AddToConsciousCartView */,
				44F1EC6B2A4E569A00091BD1 /* MainCollectionView */,
				4403BAF42A85D0510058617D /* CategoriesViewController */,
				445EF7B02A1879630013ACB1 /* ImpulseDetailViewController.swift */,
				442B54E22A7D6FA300383B54 /* ProfileView */,
				448807A92A6A0705005377DE /* ImpulseExpiredView */,
				442B54EB2A7DA0EF00383B54 /* SettingsView */,
			);
			path = Controllers;
			sourceTree = "<group>";
		};
		44D7291A2A0A9E430031A9EE /* Fonts */ = {
			isa = PBXGroup;
			children = (
				4496A05B2A171014004C1349 /* Nunito-Bold.ttf */,
				4496A0552A16895F004C1349 /* Nunito-Regular.ttf */,
				448D94142A3EA4870035B34C /* Nunito-SemiBold.ttf */,
				44D7291C2A0A9E710031A9EE /* Righteous-Regular.ttf */,
				44D7291E2A0A9EF60031A9EE /* OFL_Righteous.txt */,
				4496A0572A16896F004C1349 /* OFL_Nunito.txt */,
			);
			path = Fonts;
			sourceTree = "<group>";
		};
		44D7291B2A0A9E4D0031A9EE /* Resources */ = {
			isa = PBXGroup;
			children = (
				448D94122A3EA1020035B34C /* CCFonts.swift */,
				442854172A916DEB009100B4 /* Extensions */,
				44C749E72A58FE57000AAE63 /* Enums.swift */,
				4496A0592A170F3E004C1349 /* Utils.swift */,
				44D7291A2A0A9E430031A9EE /* Fonts */,
				44EA21FC2A7AB75700ECC74C /* ButtonStyles.swift */,
				446F9DD82A7B415100997D48 /* StatefulPreviewWrapper.swift */,
			);
			path = Resources;
			sourceTree = "<group>";
		};
		44F1EC6B2A4E569A00091BD1 /* MainCollectionView */ = {
			isa = PBXGroup;
			children = (
				444A58E12A4FB800006FC02B /* MainCollectionViewDataSource.swift */,
				444A58E52A4FBE68006FC02B /* MainCollectionViewDelegate.swift */,
				4413DCC52A5264B800C39D55 /* MainCollectionViewController.swift */,
			);
			path = MainCollectionView;
			sourceTree = "<group>";
		};
/* End PBXGroup section */

/* Begin PBXNativeTarget section */
		4497E39629F358BC0029451E /* ConsciousCart */ = {
			isa = PBXNativeTarget;
			buildConfigurationList = 4497E3C129F358BD0029451E /* Build configuration list for PBXNativeTarget "ConsciousCart" */;
			buildPhases = (
				4497E39329F358BC0029451E /* Sources */,
				4497E39429F358BC0029451E /* Frameworks */,
				4497E39529F358BC0029451E /* Resources */,
			);
			buildRules = (
			);
			dependencies = (
			);
			name = ConsciousCart;
			packageProductDependencies = (
				44AA7C1A2A6E13480089412A /* SPConfetti */,
			);
			productName = ConsciousCart;
			productReference = 4497E39729F358BC0029451E /* ConsciousCart.app */;
			productType = "com.apple.product-type.application";
		};
		4497E3AC29F358BD0029451E /* ConsciousCartTests */ = {
			isa = PBXNativeTarget;
			buildConfigurationList = 4497E3C429F358BD0029451E /* Build configuration list for PBXNativeTarget "ConsciousCartTests" */;
			buildPhases = (
				4497E3A929F358BD0029451E /* Sources */,
				4497E3AA29F358BD0029451E /* Frameworks */,
				4497E3AB29F358BD0029451E /* Resources */,
			);
			buildRules = (
			);
			dependencies = (
				4497E3AF29F358BD0029451E /* PBXTargetDependency */,
			);
			name = ConsciousCartTests;
			productName = ConsciousCartTests;
			productReference = 4497E3AD29F358BD0029451E /* ConsciousCartTests.xctest */;
			productType = "com.apple.product-type.bundle.unit-test";
		};
/* End PBXNativeTarget section */

/* Begin PBXProject section */
		4497E38F29F358BC0029451E /* Project object */ = {
			isa = PBXProject;
			attributes = {
				BuildIndependentTargetsInParallel = 1;
				LastSwiftUpdateCheck = 1430;
				LastUpgradeCheck = 1430;
				TargetAttributes = {
					4497E39629F358BC0029451E = {
						CreatedOnToolsVersion = 14.3;
					};
					4497E3AC29F358BD0029451E = {
						CreatedOnToolsVersion = 14.3;
						TestTargetID = 4497E39629F358BC0029451E;
					};
				};
			};
			buildConfigurationList = 4497E39229F358BC0029451E /* Build configuration list for PBXProject "ConsciousCart" */;
			compatibilityVersion = "Xcode 14.0";
			developmentRegion = en;
			hasScannedForEncodings = 0;
			knownRegions = (
				en,
				Base,
			);
			mainGroup = 4497E38E29F358BC0029451E;
			packageReferences = (
				44AA7C192A6E13480089412A /* XCRemoteSwiftPackageReference "SPConfetti" */,
			);
			productRefGroup = 4497E39829F358BC0029451E /* Products */;
			projectDirPath = "";
			projectRoot = "";
			targets = (
				4497E39629F358BC0029451E /* ConsciousCart */,
				4497E3AC29F358BD0029451E /* ConsciousCartTests */,
			);
		};
/* End PBXProject section */

/* Begin PBXResourcesBuildPhase section */
		4497E39529F358BC0029451E /* Resources */ = {
			isa = PBXResourcesBuildPhase;
			buildActionMask = 2147483647;
			files = (
				4496A0562A16895F004C1349 /* Nunito-Regular.ttf in Resources */,
				44D7291F2A0A9EF60031A9EE /* OFL_Righteous.txt in Resources */,
				4497E3A729F358BC0029451E /* LaunchScreen.storyboard in Resources */,
				448D94152A3EA4870035B34C /* Nunito-SemiBold.ttf in Resources */,
				4496A0582A16896F004C1349 /* OFL_Nunito.txt in Resources */,
				44D7291D2A0A9E710031A9EE /* Righteous-Regular.ttf in Resources */,
				4496A05C2A171014004C1349 /* Nunito-Bold.ttf in Resources */,
				4497E3A429F358BC0029451E /* Assets.xcassets in Resources */,
			);
			runOnlyForDeploymentPostprocessing = 0;
		};
		4497E3AB29F358BD0029451E /* Resources */ = {
			isa = PBXResourcesBuildPhase;
			buildActionMask = 2147483647;
			files = (
			);
			runOnlyForDeploymentPostprocessing = 0;
		};
/* End PBXResourcesBuildPhase section */

/* Begin PBXSourcesBuildPhase section */
		4497E39329F358BC0029451E /* Sources */ = {
			isa = PBXSourcesBuildPhase;
			buildActionMask = 2147483647;
			files = (
				444A58E22A4FB800006FC02B /* MainCollectionViewDataSource.swift in Sources */,
				445B0FC72A80486F0075657C /* SubmitUsernameButton.swift in Sources */,
				44AACCDD2A0357240053334C /* ConsciousCartTextField.swift in Sources */,
				447162C82A82A8C0001D7721 /* MailView.swift in Sources */,
				442B54EA2A7D9F5700383B54 /* SectionUILabel.swift in Sources */,
				4497E39B29F358BC0029451E /* AppDelegate.swift in Sources */,
				445E506A2A74AF9900DAFCDF /* MotionManager.swift in Sources */,
				4452AD172A4A34BF004C2E7E /* ImpulsesStateManager.swift in Sources */,
				4497D8C12A3583E900713730 /* Impulse+CoreDataProperties.swift in Sources */,
				4496A05A2A170F3E004C1349 /* Utils.swift in Sources */,
				445B0FBF2A7F2FFB0075657C /* WelcomeViewController.swift in Sources */,
				44C9AFDC2A5A444200B03846 /* SettingsView.swift in Sources */,
				448807AB2A6A073A005377DE /* ImpulseExpiredViewController.swift in Sources */,
				445B0FBD2A7F2FB30075657C /* OnboardingViewController.swift in Sources */,
				44EA21FF2A7AB78600ECC74C /* SectionLabel.swift in Sources */,
				4403BAFC2A85D1060058617D /* CategoriesViewControllerDelegate.swift in Sources */,
				4413DCC22A52268C00C39D55 /* ImpulseCollectionViewListCell.swift in Sources */,
				445B0FC52A802F5A0075657C /* UsernameOnboardingViewController.swift in Sources */,
				445EF7B52A187B140013ACB1 /* SettingsViewController.swift in Sources */,
				44EA21FD2A7AB75700ECC74C /* ButtonStyles.swift in Sources */,
				44C749E82A58FE57000AAE63 /* Enums.swift in Sources */,
				448534042A774E40006CBE69 /* UserStats+CoreDataProperties.swift in Sources */,
				44F2EDC82A6F5D2B002D714D /* ConsciousCartTextView.swift in Sources */,
				44AACCD72A0344AF0053334C /* BarcodeAPIManager.swift in Sources */,
				445B0FC12A7F34E50075657C /* LaunchScreenViewController.swift in Sources */,
				442B54F92A7DCE9100383B54 /* ImpulsesCollectionViewController.swift in Sources */,
				442B54E82A7D82F600383B54 /* ImpulseOptionButton.swift in Sources */,
				44D5F8E02A1BE16000B215E4 /* TextViewAnimatableCurrency.swift in Sources */,
				44C9AFDE2A5A53EA00B03846 /* AboutView.swift in Sources */,
				448D94132A3EA1020035B34C /* CCFonts.swift in Sources */,
				444222112A11B19000753F8D /* ChangeImageContainerView.swift in Sources */,
				448534032A774E40006CBE69 /* UserStats+CoreDataClass.swift in Sources */,
				4413DCC82A52778E00C39D55 /* NoImpulsesFooter.swift in Sources */,
				4497E39D29F358BC0029451E /* SceneDelegate.swift in Sources */,
				445E50452A745C1400DAFCDF /* CoinView.swift in Sources */,
				442B54E42A7D6FC400383B54 /* ProfileViewController.swift in Sources */,
				442854162A913910009100B4 /* NewAddToCCViewController.swift in Sources */,
				444A58E62A4FBE68006FC02B /* MainCollectionViewDelegate.swift in Sources */,
				445EF7B12A1879630013ACB1 /* ImpulseDetailViewController.swift in Sources */,
				448533F42A76C47C006CBE69 /* CoreDataManager.swift in Sources */,
				444A58E42A4FBCE1006FC02B /* ImpulsesCategoryHeader.swift in Sources */,
				447162FB2A83E435001D7721 /* CreateMainUI.swift in Sources */,
				44AACCDB2A0346260053334C /* BarcodeInfo.swift in Sources */,
				4413DCC62A5264B800C39D55 /* MainCollectionViewController.swift in Sources */,
				446F9DD92A7B415100997D48 /* StatefulPreviewWrapper.swift in Sources */,
				4497D8C02A3583E900713730 /* Impulse+CoreDataClass.swift in Sources */,
				4403BAF82A85D0D20058617D /* CategoriesGridLayout.swift in Sources */,
				445E506E2A74B57300DAFCDF /* SparkleShape.swift in Sources */,
				44C749E22A58F007000AAE63 /* CurrencyTextField.swift in Sources */,
				444222162A11C3E000753F8D /* ConsciousCart.xcdatamodeld in Sources */,
				442854192A916DF7009100B4 /* UIViewControllerExtensions.swift in Sources */,
				44296B5029F62A8A0030FF3D /* ConsciousCartButton.swift in Sources */,
				445B0FC32A8023C20075657C /* SecondOnboardingView.swift in Sources */,
				44EA22012A7AE52F00ECC74C /* CustomColorPicker.swift in Sources */,
				44C749E62A58FC70000AAE63 /* Extensions.swift in Sources */,
				4403BAF62A85D0780058617D /* CategoriesViewController.swift in Sources */,
				4403BAFE2A8977810058617D /* ImpulseCategoryButton.swift in Sources */,
				44846ED92A92ADD300FB741F /* SavingsChart.swift in Sources */,
				4445B89D2A00BD4A0022F281 /* BarcodeScannerViewController.swift in Sources */,
				4403BAFA2A85D0EF0058617D /* CategoryCell.swift in Sources */,
				442F1AA92A8C785E00EDB939 /* CustomChevron.swift in Sources */,
			);
			runOnlyForDeploymentPostprocessing = 0;
		};
		4497E3A929F358BD0029451E /* Sources */ = {
			isa = PBXSourcesBuildPhase;
			buildActionMask = 2147483647;
			files = (
				44EC75152A6CBF9700B5B15D /* StringExtensionsTests.swift in Sources */,
			);
			runOnlyForDeploymentPostprocessing = 0;
		};
/* End PBXSourcesBuildPhase section */

/* Begin PBXTargetDependency section */
		4497E3AF29F358BD0029451E /* PBXTargetDependency */ = {
			isa = PBXTargetDependency;
			target = 4497E39629F358BC0029451E /* ConsciousCart */;
			targetProxy = 4497E3AE29F358BD0029451E /* PBXContainerItemProxy */;
		};
/* End PBXTargetDependency section */

/* Begin PBXVariantGroup section */
		4497E3A529F358BC0029451E /* LaunchScreen.storyboard */ = {
			isa = PBXVariantGroup;
			children = (
				4497E3A629F358BC0029451E /* Base */,
			);
			name = LaunchScreen.storyboard;
			sourceTree = "<group>";
		};
/* End PBXVariantGroup section */

/* Begin XCBuildConfiguration section */
		4497E3BF29F358BD0029451E /* Debug */ = {
			isa = XCBuildConfiguration;
			baseConfigurationReference = 445B0FC82A8171A00075657C /* Config.xcconfig */;
			buildSettings = {
				ALWAYS_SEARCH_USER_PATHS = NO;
				CLANG_ANALYZER_NONNULL = YES;
				CLANG_ANALYZER_NUMBER_OBJECT_CONVERSION = YES_AGGRESSIVE;
				CLANG_CXX_LANGUAGE_STANDARD = "gnu++20";
				CLANG_ENABLE_MODULES = YES;
				CLANG_ENABLE_OBJC_ARC = YES;
				CLANG_ENABLE_OBJC_WEAK = YES;
				CLANG_WARN_BLOCK_CAPTURE_AUTORELEASING = YES;
				CLANG_WARN_BOOL_CONVERSION = YES;
				CLANG_WARN_COMMA = YES;
				CLANG_WARN_CONSTANT_CONVERSION = YES;
				CLANG_WARN_DEPRECATED_OBJC_IMPLEMENTATIONS = YES;
				CLANG_WARN_DIRECT_OBJC_ISA_USAGE = YES_ERROR;
				CLANG_WARN_DOCUMENTATION_COMMENTS = YES;
				CLANG_WARN_EMPTY_BODY = YES;
				CLANG_WARN_ENUM_CONVERSION = YES;
				CLANG_WARN_INFINITE_RECURSION = YES;
				CLANG_WARN_INT_CONVERSION = YES;
				CLANG_WARN_NON_LITERAL_NULL_CONVERSION = YES;
				CLANG_WARN_OBJC_IMPLICIT_RETAIN_SELF = YES;
				CLANG_WARN_OBJC_LITERAL_CONVERSION = YES;
				CLANG_WARN_OBJC_ROOT_CLASS = YES_ERROR;
				CLANG_WARN_QUOTED_INCLUDE_IN_FRAMEWORK_HEADER = YES;
				CLANG_WARN_RANGE_LOOP_ANALYSIS = YES;
				CLANG_WARN_STRICT_PROTOTYPES = YES;
				CLANG_WARN_SUSPICIOUS_MOVE = YES;
				CLANG_WARN_UNGUARDED_AVAILABILITY = YES_AGGRESSIVE;
				CLANG_WARN_UNREACHABLE_CODE = YES;
				CLANG_WARN__DUPLICATE_METHOD_MATCH = YES;
				COPY_PHASE_STRIP = NO;
				DEBUG_INFORMATION_FORMAT = dwarf;
				ENABLE_STRICT_OBJC_MSGSEND = YES;
				ENABLE_TESTABILITY = YES;
				GCC_C_LANGUAGE_STANDARD = gnu11;
				GCC_DYNAMIC_NO_PIC = NO;
				GCC_NO_COMMON_BLOCKS = YES;
				GCC_OPTIMIZATION_LEVEL = 0;
				GCC_PREPROCESSOR_DEFINITIONS = (
					"DEBUG=1",
					"$(inherited)",
				);
				GCC_WARN_64_TO_32_BIT_CONVERSION = YES;
				GCC_WARN_ABOUT_RETURN_TYPE = YES_ERROR;
				GCC_WARN_UNDECLARED_SELECTOR = YES;
				GCC_WARN_UNINITIALIZED_AUTOS = YES_AGGRESSIVE;
				GCC_WARN_UNUSED_FUNCTION = YES;
				GCC_WARN_UNUSED_VARIABLE = YES;
				IPHONEOS_DEPLOYMENT_TARGET = 16.0;
				MTL_ENABLE_DEBUG_INFO = INCLUDE_SOURCE;
				MTL_FAST_MATH = YES;
				ONLY_ACTIVE_ARCH = YES;
				SDKROOT = iphoneos;
				SWIFT_ACTIVE_COMPILATION_CONDITIONS = DEBUG;
				SWIFT_OPTIMIZATION_LEVEL = "-Onone";
			};
			name = Debug;
		};
		4497E3C029F358BD0029451E /* Release */ = {
			isa = XCBuildConfiguration;
			baseConfigurationReference = 445B0FC82A8171A00075657C /* Config.xcconfig */;
			buildSettings = {
				ALWAYS_SEARCH_USER_PATHS = NO;
				CLANG_ANALYZER_NONNULL = YES;
				CLANG_ANALYZER_NUMBER_OBJECT_CONVERSION = YES_AGGRESSIVE;
				CLANG_CXX_LANGUAGE_STANDARD = "gnu++20";
				CLANG_ENABLE_MODULES = YES;
				CLANG_ENABLE_OBJC_ARC = YES;
				CLANG_ENABLE_OBJC_WEAK = YES;
				CLANG_WARN_BLOCK_CAPTURE_AUTORELEASING = YES;
				CLANG_WARN_BOOL_CONVERSION = YES;
				CLANG_WARN_COMMA = YES;
				CLANG_WARN_CONSTANT_CONVERSION = YES;
				CLANG_WARN_DEPRECATED_OBJC_IMPLEMENTATIONS = YES;
				CLANG_WARN_DIRECT_OBJC_ISA_USAGE = YES_ERROR;
				CLANG_WARN_DOCUMENTATION_COMMENTS = YES;
				CLANG_WARN_EMPTY_BODY = YES;
				CLANG_WARN_ENUM_CONVERSION = YES;
				CLANG_WARN_INFINITE_RECURSION = YES;
				CLANG_WARN_INT_CONVERSION = YES;
				CLANG_WARN_NON_LITERAL_NULL_CONVERSION = YES;
				CLANG_WARN_OBJC_IMPLICIT_RETAIN_SELF = YES;
				CLANG_WARN_OBJC_LITERAL_CONVERSION = YES;
				CLANG_WARN_OBJC_ROOT_CLASS = YES_ERROR;
				CLANG_WARN_QUOTED_INCLUDE_IN_FRAMEWORK_HEADER = YES;
				CLANG_WARN_RANGE_LOOP_ANALYSIS = YES;
				CLANG_WARN_STRICT_PROTOTYPES = YES;
				CLANG_WARN_SUSPICIOUS_MOVE = YES;
				CLANG_WARN_UNGUARDED_AVAILABILITY = YES_AGGRESSIVE;
				CLANG_WARN_UNREACHABLE_CODE = YES;
				CLANG_WARN__DUPLICATE_METHOD_MATCH = YES;
				COPY_PHASE_STRIP = NO;
				DEBUG_INFORMATION_FORMAT = "dwarf-with-dsym";
				ENABLE_NS_ASSERTIONS = NO;
				ENABLE_STRICT_OBJC_MSGSEND = YES;
				GCC_C_LANGUAGE_STANDARD = gnu11;
				GCC_NO_COMMON_BLOCKS = YES;
				GCC_WARN_64_TO_32_BIT_CONVERSION = YES;
				GCC_WARN_ABOUT_RETURN_TYPE = YES_ERROR;
				GCC_WARN_UNDECLARED_SELECTOR = YES;
				GCC_WARN_UNINITIALIZED_AUTOS = YES_AGGRESSIVE;
				GCC_WARN_UNUSED_FUNCTION = YES;
				GCC_WARN_UNUSED_VARIABLE = YES;
				IPHONEOS_DEPLOYMENT_TARGET = 16.0;
				MTL_ENABLE_DEBUG_INFO = NO;
				MTL_FAST_MATH = YES;
				SDKROOT = iphoneos;
				SWIFT_COMPILATION_MODE = wholemodule;
				SWIFT_OPTIMIZATION_LEVEL = "-O";
				VALIDATE_PRODUCT = YES;
			};
			name = Release;
		};
		4497E3C229F358BD0029451E /* Debug */ = {
			isa = XCBuildConfiguration;
			buildSettings = {
				ASSETCATALOG_COMPILER_APPICON_NAME = AppIcon;
				ASSETCATALOG_COMPILER_GLOBAL_ACCENT_COLOR_NAME = AccentColor;
				CODE_SIGN_STYLE = Automatic;
				CURRENT_PROJECT_VERSION = 1;
				DEVELOPMENT_TEAM = E24P6RF94S;
				GENERATE_INFOPLIST_FILE = YES;
				INFOPLIST_FILE = ConsciousCart/Info.plist;
				INFOPLIST_KEY_CFBundleDisplayName = ConsciousCart;
				INFOPLIST_KEY_LSApplicationCategoryType = "public.app-category.finance";
				INFOPLIST_KEY_NSCameraUsageDescription = "Please allow access to your camera to take a photo.";
				INFOPLIST_KEY_NSHumanReadableCopyright = "";
				INFOPLIST_KEY_NSPhotoLibraryUsageDescription = "Please allow access to your Photos Library to select a photo.";
				INFOPLIST_KEY_UIApplicationSupportsIndirectInputEvents = YES;
				INFOPLIST_KEY_UILaunchStoryboardName = LaunchScreen;
				INFOPLIST_KEY_UISupportedInterfaceOrientations = UIInterfaceOrientationPortrait;
				INFOPLIST_KEY_UISupportedInterfaceOrientations_iPad = "UIInterfaceOrientationLandscapeLeft UIInterfaceOrientationLandscapeRight UIInterfaceOrientationPortrait UIInterfaceOrientationPortraitUpsideDown";
				LD_RUNPATH_SEARCH_PATHS = (
					"$(inherited)",
					"@executable_path/Frameworks",
				);
				MARKETING_VERSION = 0.0.4;
				PRODUCT_BUNDLE_IDENTIFIER = com.giorgio.ConsciousCart;
				PRODUCT_NAME = "$(TARGET_NAME)";
				SUPPORTED_PLATFORMS = "iphoneos iphonesimulator";
				SUPPORTS_MACCATALYST = NO;
				SUPPORTS_MAC_DESIGNED_FOR_IPHONE_IPAD = NO;
				SWIFT_EMIT_LOC_STRINGS = YES;
				SWIFT_VERSION = 5.0;
				TARGETED_DEVICE_FAMILY = 1;
			};
			name = Debug;
		};
		4497E3C329F358BD0029451E /* Release */ = {
			isa = XCBuildConfiguration;
			buildSettings = {
				ASSETCATALOG_COMPILER_APPICON_NAME = AppIcon;
				ASSETCATALOG_COMPILER_GLOBAL_ACCENT_COLOR_NAME = AccentColor;
				CODE_SIGN_STYLE = Automatic;
				CURRENT_PROJECT_VERSION = 1;
				DEVELOPMENT_TEAM = E24P6RF94S;
				GENERATE_INFOPLIST_FILE = YES;
				INFOPLIST_FILE = ConsciousCart/Info.plist;
				INFOPLIST_KEY_CFBundleDisplayName = ConsciousCart;
				INFOPLIST_KEY_LSApplicationCategoryType = "public.app-category.finance";
				INFOPLIST_KEY_NSCameraUsageDescription = "Please allow access to your camera to take a photo.";
				INFOPLIST_KEY_NSHumanReadableCopyright = "";
				INFOPLIST_KEY_NSPhotoLibraryUsageDescription = "Please allow access to your Photos Library to select a photo.";
				INFOPLIST_KEY_UIApplicationSupportsIndirectInputEvents = YES;
				INFOPLIST_KEY_UILaunchStoryboardName = LaunchScreen;
				INFOPLIST_KEY_UISupportedInterfaceOrientations = UIInterfaceOrientationPortrait;
				INFOPLIST_KEY_UISupportedInterfaceOrientations_iPad = "UIInterfaceOrientationLandscapeLeft UIInterfaceOrientationLandscapeRight UIInterfaceOrientationPortrait UIInterfaceOrientationPortraitUpsideDown";
				LD_RUNPATH_SEARCH_PATHS = (
					"$(inherited)",
					"@executable_path/Frameworks",
				);
				MARKETING_VERSION = 0.0.4;
				PRODUCT_BUNDLE_IDENTIFIER = com.giorgio.ConsciousCart;
				PRODUCT_NAME = "$(TARGET_NAME)";
				SUPPORTED_PLATFORMS = "iphoneos iphonesimulator";
				SUPPORTS_MACCATALYST = NO;
				SUPPORTS_MAC_DESIGNED_FOR_IPHONE_IPAD = NO;
				SWIFT_EMIT_LOC_STRINGS = YES;
				SWIFT_VERSION = 5.0;
				TARGETED_DEVICE_FAMILY = 1;
			};
			name = Release;
		};
		4497E3C529F358BD0029451E /* Debug */ = {
			isa = XCBuildConfiguration;
			buildSettings = {
				ALWAYS_EMBED_SWIFT_STANDARD_LIBRARIES = YES;
				BUNDLE_LOADER = "$(TEST_HOST)";
				CODE_SIGN_STYLE = Automatic;
				CURRENT_PROJECT_VERSION = 1;
				DEVELOPMENT_TEAM = E24P6RF94S;
				GENERATE_INFOPLIST_FILE = YES;
				IPHONEOS_DEPLOYMENT_TARGET = 16.4;
				MARKETING_VERSION = 1.0;
				PRODUCT_BUNDLE_IDENTIFIER = com.giorgio.ConsciousCartTests;
				PRODUCT_NAME = "$(TARGET_NAME)";
				SUPPORTED_PLATFORMS = "iphoneos iphonesimulator";
				SUPPORTS_MACCATALYST = NO;
				SUPPORTS_MAC_DESIGNED_FOR_IPHONE_IPAD = NO;
				SWIFT_EMIT_LOC_STRINGS = NO;
				SWIFT_VERSION = 5.0;
				TARGETED_DEVICE_FAMILY = 1;
				TEST_HOST = "$(BUILT_PRODUCTS_DIR)/ConsciousCart.app/$(BUNDLE_EXECUTABLE_FOLDER_PATH)/ConsciousCart";
			};
			name = Debug;
		};
		4497E3C629F358BD0029451E /* Release */ = {
			isa = XCBuildConfiguration;
			buildSettings = {
				ALWAYS_EMBED_SWIFT_STANDARD_LIBRARIES = YES;
				BUNDLE_LOADER = "$(TEST_HOST)";
				CODE_SIGN_STYLE = Automatic;
				CURRENT_PROJECT_VERSION = 1;
				DEVELOPMENT_TEAM = E24P6RF94S;
				GENERATE_INFOPLIST_FILE = YES;
				IPHONEOS_DEPLOYMENT_TARGET = 16.4;
				MARKETING_VERSION = 1.0;
				PRODUCT_BUNDLE_IDENTIFIER = com.giorgio.ConsciousCartTests;
				PRODUCT_NAME = "$(TARGET_NAME)";
				SUPPORTED_PLATFORMS = "iphoneos iphonesimulator";
				SUPPORTS_MACCATALYST = NO;
				SUPPORTS_MAC_DESIGNED_FOR_IPHONE_IPAD = NO;
				SWIFT_EMIT_LOC_STRINGS = NO;
				SWIFT_VERSION = 5.0;
				TARGETED_DEVICE_FAMILY = 1;
				TEST_HOST = "$(BUILT_PRODUCTS_DIR)/ConsciousCart.app/$(BUNDLE_EXECUTABLE_FOLDER_PATH)/ConsciousCart";
			};
			name = Release;
		};
/* End XCBuildConfiguration section */

/* Begin XCConfigurationList section */
		4497E39229F358BC0029451E /* Build configuration list for PBXProject "ConsciousCart" */ = {
			isa = XCConfigurationList;
			buildConfigurations = (
				4497E3BF29F358BD0029451E /* Debug */,
				4497E3C029F358BD0029451E /* Release */,
			);
			defaultConfigurationIsVisible = 0;
			defaultConfigurationName = Release;
		};
		4497E3C129F358BD0029451E /* Build configuration list for PBXNativeTarget "ConsciousCart" */ = {
			isa = XCConfigurationList;
			buildConfigurations = (
				4497E3C229F358BD0029451E /* Debug */,
				4497E3C329F358BD0029451E /* Release */,
			);
			defaultConfigurationIsVisible = 0;
			defaultConfigurationName = Release;
		};
		4497E3C429F358BD0029451E /* Build configuration list for PBXNativeTarget "ConsciousCartTests" */ = {
			isa = XCConfigurationList;
			buildConfigurations = (
				4497E3C529F358BD0029451E /* Debug */,
				4497E3C629F358BD0029451E /* Release */,
			);
			defaultConfigurationIsVisible = 0;
			defaultConfigurationName = Release;
		};
/* End XCConfigurationList section */

/* Begin XCRemoteSwiftPackageReference section */
		44AA7C192A6E13480089412A /* XCRemoteSwiftPackageReference "SPConfetti" */ = {
			isa = XCRemoteSwiftPackageReference;
			repositoryURL = "https://github.com/ivanvorobei/SPConfetti";
			requirement = {
				kind = upToNextMajorVersion;
				minimumVersion = 1.0.0;
			};
		};
/* End XCRemoteSwiftPackageReference section */

/* Begin XCSwiftPackageProductDependency section */
		44AA7C1A2A6E13480089412A /* SPConfetti */ = {
			isa = XCSwiftPackageProductDependency;
			package = 44AA7C192A6E13480089412A /* XCRemoteSwiftPackageReference "SPConfetti" */;
			productName = SPConfetti;
		};
/* End XCSwiftPackageProductDependency section */

/* Begin XCVersionGroup section */
		444222142A11C3E000753F8D /* ConsciousCart.xcdatamodeld */ = {
			isa = XCVersionGroup;
			children = (
				444222152A11C3E000753F8D /* ConsciousCart.xcdatamodel */,
			);
			currentVersion = 444222152A11C3E000753F8D /* ConsciousCart.xcdatamodel */;
			path = ConsciousCart.xcdatamodeld;
			sourceTree = "<group>";
			versionGroupType = wrapper.xcdatamodel;
		};
/* End XCVersionGroup section */
	};
	rootObject = 4497E38F29F358BC0029451E /* Project object */;
}
