// !$*UTF8*$!
{
	archiveVersion = 1;
	classes = {
	};
	objectVersion = 56;
	objects = {

/* Begin PBXBuildFile section */
		442018A229FB7ED000AD9812 /* ConsciousCartItem.swift in Sources */ = {isa = PBXBuildFile; fileRef = 442018A129FB7ED000AD9812 /* ConsciousCartItem.swift */; };
		44296B5029F62A8A0030FF3D /* ConsciousCartButton.swift in Sources */ = {isa = PBXBuildFile; fileRef = 44296B4F29F62A8A0030FF3D /* ConsciousCartButton.swift */; };
		44296B5129F62A8A0030FF3D /* ConsciousCartButton.swift in Sources */ = {isa = PBXBuildFile; fileRef = 44296B4F29F62A8A0030FF3D /* ConsciousCartButton.swift */; };
		44296B5229F62A8A0030FF3D /* ConsciousCartButton.swift in Sources */ = {isa = PBXBuildFile; fileRef = 44296B4F29F62A8A0030FF3D /* ConsciousCartButton.swift */; };
		442AB11F29F8C0940061389A /* AddToConsciousCartViewController.swift in Sources */ = {isa = PBXBuildFile; fileRef = 442AB11E29F8C0940061389A /* AddToConsciousCartViewController.swift */; };
		444222112A11B19000753F8D /* ChangeImageContainerView.swift in Sources */ = {isa = PBXBuildFile; fileRef = 444222102A11B19000753F8D /* ChangeImageContainerView.swift */; };
		444222132A11C35800753F8D /* FileManager-DocumentsDirectory.swift in Sources */ = {isa = PBXBuildFile; fileRef = 444222122A11C35800753F8D /* FileManager-DocumentsDirectory.swift */; };
		444222162A11C3E000753F8D /* ConsciousCart.xcdatamodeld in Sources */ = {isa = PBXBuildFile; fileRef = 444222142A11C3E000753F8D /* ConsciousCart.xcdatamodeld */; };
		444222192A11C4B700753F8D /* Impulse+CoreDataClass.swift in Sources */ = {isa = PBXBuildFile; fileRef = 444222172A11C4B700753F8D /* Impulse+CoreDataClass.swift */; };
		4442221A2A11C4B700753F8D /* Impulse+CoreDataProperties.swift in Sources */ = {isa = PBXBuildFile; fileRef = 444222182A11C4B700753F8D /* Impulse+CoreDataProperties.swift */; };
		4445B89D2A00BD4A0022F281 /* ScannerViewController.swift in Sources */ = {isa = PBXBuildFile; fileRef = 4445B89C2A00BD4A0022F281 /* ScannerViewController.swift */; };
		4445FFB029FA31510067FD1F /* ProfileViewController.swift in Sources */ = {isa = PBXBuildFile; fileRef = 4445FFAF29FA31510067FD1F /* ProfileViewController.swift */; };
		444A774829FA059800EBF1E8 /* SavingsChart.swift in Sources */ = {isa = PBXBuildFile; fileRef = 444A774729FA059800EBF1E8 /* SavingsChart.swift */; };
		44595ED52A01FE4F00D0AC48 /* RiveRuntime in Frameworks */ = {isa = PBXBuildFile; productRef = 44595ED42A01FE4F00D0AC48 /* RiveRuntime */; };
		44595EDC2A01FF2300D0AC48 /* CheckmarkAnimationViewController.swift in Sources */ = {isa = PBXBuildFile; fileRef = 44595EDB2A01FF2300D0AC48 /* CheckmarkAnimationViewController.swift */; };
		44595EDD2A01FF2300D0AC48 /* CheckmarkAnimationViewController.swift in Sources */ = {isa = PBXBuildFile; fileRef = 44595EDB2A01FF2300D0AC48 /* CheckmarkAnimationViewController.swift */; };
		44595EDE2A01FF2300D0AC48 /* CheckmarkAnimationViewController.swift in Sources */ = {isa = PBXBuildFile; fileRef = 44595EDB2A01FF2300D0AC48 /* CheckmarkAnimationViewController.swift */; };
		44595EE92A02219C00D0AC48 /* checkmark.riv in Resources */ = {isa = PBXBuildFile; fileRef = 44595EE82A02219C00D0AC48 /* checkmark.riv */; };
		44595EEA2A02219C00D0AC48 /* checkmark.riv in Resources */ = {isa = PBXBuildFile; fileRef = 44595EE82A02219C00D0AC48 /* checkmark.riv */; };
		44595EEB2A02219C00D0AC48 /* checkmark.riv in Resources */ = {isa = PBXBuildFile; fileRef = 44595EE82A02219C00D0AC48 /* checkmark.riv */; };
		445EF7B12A1879630013ACB1 /* ImpulseDetailViewController.swift in Sources */ = {isa = PBXBuildFile; fileRef = 445EF7B02A1879630013ACB1 /* ImpulseDetailViewController.swift */; };
		445EF7B32A187ABF0013ACB1 /* SettingsView.swift in Sources */ = {isa = PBXBuildFile; fileRef = 445EF7B22A187ABF0013ACB1 /* SettingsView.swift */; };
		445EF7B52A187B140013ACB1 /* SettingsViewController.swift in Sources */ = {isa = PBXBuildFile; fileRef = 445EF7B42A187B140013ACB1 /* SettingsViewController.swift */; };
		4496A0142A140BC4004C1349 /* MainViewController.swift in Sources */ = {isa = PBXBuildFile; fileRef = 4496A0132A140BC4004C1349 /* MainViewController.swift */; };
		4496A0562A16895F004C1349 /* Nunito-Regular.ttf in Resources */ = {isa = PBXBuildFile; fileRef = 4496A0552A16895F004C1349 /* Nunito-Regular.ttf */; };
		4496A0582A16896F004C1349 /* OFL_Nunito.txt in Resources */ = {isa = PBXBuildFile; fileRef = 4496A0572A16896F004C1349 /* OFL_Nunito.txt */; };
		4496A05A2A170F3E004C1349 /* Utils.swift in Sources */ = {isa = PBXBuildFile; fileRef = 4496A0592A170F3E004C1349 /* Utils.swift */; };
		4496A05C2A171014004C1349 /* Nunito-Bold.ttf in Resources */ = {isa = PBXBuildFile; fileRef = 4496A05B2A171014004C1349 /* Nunito-Bold.ttf */; };
		4496A05E2A171CDC004C1349 /* ImpulseTableViewCell.swift in Sources */ = {isa = PBXBuildFile; fileRef = 4496A05D2A171CDC004C1349 /* ImpulseTableViewCell.swift */; };
		4497E39B29F358BC0029451E /* AppDelegate.swift in Sources */ = {isa = PBXBuildFile; fileRef = 4497E39A29F358BC0029451E /* AppDelegate.swift */; };
		4497E39D29F358BC0029451E /* SceneDelegate.swift in Sources */ = {isa = PBXBuildFile; fileRef = 4497E39C29F358BC0029451E /* SceneDelegate.swift */; };
		4497E3A429F358BC0029451E /* Assets.xcassets in Resources */ = {isa = PBXBuildFile; fileRef = 4497E3A329F358BC0029451E /* Assets.xcassets */; };
		4497E3A729F358BC0029451E /* LaunchScreen.storyboard in Resources */ = {isa = PBXBuildFile; fileRef = 4497E3A529F358BC0029451E /* LaunchScreen.storyboard */; };
		4497E3B229F358BD0029451E /* ConsciousCartTests.swift in Sources */ = {isa = PBXBuildFile; fileRef = 4497E3B129F358BD0029451E /* ConsciousCartTests.swift */; };
		4497E3BC29F358BD0029451E /* ConsciousCartUITests.swift in Sources */ = {isa = PBXBuildFile; fileRef = 4497E3BB29F358BD0029451E /* ConsciousCartUITests.swift */; };
		4497E3BE29F358BD0029451E /* ConsciousCartUITestsLaunchTests.swift in Sources */ = {isa = PBXBuildFile; fileRef = 4497E3BD29F358BD0029451E /* ConsciousCartUITestsLaunchTests.swift */; };
		44AACCD72A0344AF0053334C /* BarcodeAPIManager.swift in Sources */ = {isa = PBXBuildFile; fileRef = 44AACCD62A0344AF0053334C /* BarcodeAPIManager.swift */; };
		44AACCD92A0345FC0053334C /* Secrets.swift in Sources */ = {isa = PBXBuildFile; fileRef = 44AACCD82A0345FC0053334C /* Secrets.swift */; };
		44AACCDB2A0346260053334C /* BarcodeInfo.swift in Sources */ = {isa = PBXBuildFile; fileRef = 44AACCDA2A0346260053334C /* BarcodeInfo.swift */; };
		44AACCDD2A0357240053334C /* ConsciousCartTextField.swift in Sources */ = {isa = PBXBuildFile; fileRef = 44AACCDC2A0357240053334C /* ConsciousCartTextField.swift */; };
		44C6D18E2A04A552007E4751 /* SpinnerViewController.swift in Sources */ = {isa = PBXBuildFile; fileRef = 44C6D18D2A04A552007E4751 /* SpinnerViewController.swift */; };
		44D7291D2A0A9E710031A9EE /* Righteous-Regular.ttf in Resources */ = {isa = PBXBuildFile; fileRef = 44D7291C2A0A9E710031A9EE /* Righteous-Regular.ttf */; };
		44D7291F2A0A9EF60031A9EE /* OFL_Righteous.txt in Resources */ = {isa = PBXBuildFile; fileRef = 44D7291E2A0A9EF60031A9EE /* OFL_Righteous.txt */; };
/* End PBXBuildFile section */

/* Begin PBXContainerItemProxy section */
		4497E3AE29F358BD0029451E /* PBXContainerItemProxy */ = {
			isa = PBXContainerItemProxy;
			containerPortal = 4497E38F29F358BC0029451E /* Project object */;
			proxyType = 1;
			remoteGlobalIDString = 4497E39629F358BC0029451E;
			remoteInfo = ConsciousCart;
		};
		4497E3B829F358BD0029451E /* PBXContainerItemProxy */ = {
			isa = PBXContainerItemProxy;
			containerPortal = 4497E38F29F358BC0029451E /* Project object */;
			proxyType = 1;
			remoteGlobalIDString = 4497E39629F358BC0029451E;
			remoteInfo = ConsciousCart;
		};
/* End PBXContainerItemProxy section */

/* Begin PBXFileReference section */
		442018A129FB7ED000AD9812 /* ConsciousCartItem.swift */ = {isa = PBXFileReference; lastKnownFileType = sourcecode.swift; path = ConsciousCartItem.swift; sourceTree = "<group>"; };
		44296B4F29F62A8A0030FF3D /* ConsciousCartButton.swift */ = {isa = PBXFileReference; lastKnownFileType = sourcecode.swift; path = ConsciousCartButton.swift; sourceTree = "<group>"; };
		442AB11E29F8C0940061389A /* AddToConsciousCartViewController.swift */ = {isa = PBXFileReference; lastKnownFileType = sourcecode.swift; path = AddToConsciousCartViewController.swift; sourceTree = "<group>"; };
		444222102A11B19000753F8D /* ChangeImageContainerView.swift */ = {isa = PBXFileReference; lastKnownFileType = sourcecode.swift; path = ChangeImageContainerView.swift; sourceTree = "<group>"; };
		444222122A11C35800753F8D /* FileManager-DocumentsDirectory.swift */ = {isa = PBXFileReference; lastKnownFileType = sourcecode.swift; path = "FileManager-DocumentsDirectory.swift"; sourceTree = "<group>"; };
		444222152A11C3E000753F8D /* ConsciousCart.xcdatamodel */ = {isa = PBXFileReference; lastKnownFileType = wrapper.xcdatamodel; path = ConsciousCart.xcdatamodel; sourceTree = "<group>"; };
		444222172A11C4B700753F8D /* Impulse+CoreDataClass.swift */ = {isa = PBXFileReference; lastKnownFileType = sourcecode.swift; path = "Impulse+CoreDataClass.swift"; sourceTree = SOURCE_ROOT; };
		444222182A11C4B700753F8D /* Impulse+CoreDataProperties.swift */ = {isa = PBXFileReference; lastKnownFileType = sourcecode.swift; path = "Impulse+CoreDataProperties.swift"; sourceTree = SOURCE_ROOT; };
		4445B89C2A00BD4A0022F281 /* ScannerViewController.swift */ = {isa = PBXFileReference; lastKnownFileType = sourcecode.swift; path = ScannerViewController.swift; sourceTree = "<group>"; };
		4445FFAF29FA31510067FD1F /* ProfileViewController.swift */ = {isa = PBXFileReference; lastKnownFileType = sourcecode.swift; path = ProfileViewController.swift; sourceTree = "<group>"; };
		444A774729FA059800EBF1E8 /* SavingsChart.swift */ = {isa = PBXFileReference; lastKnownFileType = sourcecode.swift; path = SavingsChart.swift; sourceTree = "<group>"; };
		44595EDB2A01FF2300D0AC48 /* CheckmarkAnimationViewController.swift */ = {isa = PBXFileReference; lastKnownFileType = sourcecode.swift; path = CheckmarkAnimationViewController.swift; sourceTree = "<group>"; };
		44595EE82A02219C00D0AC48 /* checkmark.riv */ = {isa = PBXFileReference; lastKnownFileType = file; path = checkmark.riv; sourceTree = "<group>"; };
		445EF7B02A1879630013ACB1 /* ImpulseDetailViewController.swift */ = {isa = PBXFileReference; lastKnownFileType = sourcecode.swift; path = ImpulseDetailViewController.swift; sourceTree = "<group>"; };
		445EF7B22A187ABF0013ACB1 /* SettingsView.swift */ = {isa = PBXFileReference; lastKnownFileType = sourcecode.swift; path = SettingsView.swift; sourceTree = "<group>"; };
		445EF7B42A187B140013ACB1 /* SettingsViewController.swift */ = {isa = PBXFileReference; lastKnownFileType = sourcecode.swift; path = SettingsViewController.swift; sourceTree = "<group>"; };
		4496A0132A140BC4004C1349 /* MainViewController.swift */ = {isa = PBXFileReference; lastKnownFileType = sourcecode.swift; path = MainViewController.swift; sourceTree = "<group>"; };
		4496A0552A16895F004C1349 /* Nunito-Regular.ttf */ = {isa = PBXFileReference; lastKnownFileType = file; path = "Nunito-Regular.ttf"; sourceTree = "<group>"; };
		4496A0572A16896F004C1349 /* OFL_Nunito.txt */ = {isa = PBXFileReference; fileEncoding = 4; lastKnownFileType = text; path = OFL_Nunito.txt; sourceTree = "<group>"; };
		4496A0592A170F3E004C1349 /* Utils.swift */ = {isa = PBXFileReference; lastKnownFileType = sourcecode.swift; path = Utils.swift; sourceTree = "<group>"; };
		4496A05B2A171014004C1349 /* Nunito-Bold.ttf */ = {isa = PBXFileReference; lastKnownFileType = file; path = "Nunito-Bold.ttf"; sourceTree = "<group>"; };
		4496A05D2A171CDC004C1349 /* ImpulseTableViewCell.swift */ = {isa = PBXFileReference; lastKnownFileType = sourcecode.swift; path = ImpulseTableViewCell.swift; sourceTree = "<group>"; };
		4497E39729F358BC0029451E /* ConsciousCart.app */ = {isa = PBXFileReference; explicitFileType = wrapper.application; includeInIndex = 0; path = ConsciousCart.app; sourceTree = BUILT_PRODUCTS_DIR; };
		4497E39A29F358BC0029451E /* AppDelegate.swift */ = {isa = PBXFileReference; lastKnownFileType = sourcecode.swift; path = AppDelegate.swift; sourceTree = "<group>"; };
		4497E39C29F358BC0029451E /* SceneDelegate.swift */ = {isa = PBXFileReference; lastKnownFileType = sourcecode.swift; path = SceneDelegate.swift; sourceTree = "<group>"; };
		4497E3A329F358BC0029451E /* Assets.xcassets */ = {isa = PBXFileReference; lastKnownFileType = folder.assetcatalog; path = Assets.xcassets; sourceTree = "<group>"; };
		4497E3A629F358BC0029451E /* Base */ = {isa = PBXFileReference; lastKnownFileType = file.storyboard; name = Base; path = Base.lproj/LaunchScreen.storyboard; sourceTree = "<group>"; };
		4497E3A829F358BC0029451E /* Info.plist */ = {isa = PBXFileReference; lastKnownFileType = text.plist.xml; path = Info.plist; sourceTree = "<group>"; };
		4497E3AD29F358BD0029451E /* ConsciousCartTests.xctest */ = {isa = PBXFileReference; explicitFileType = wrapper.cfbundle; includeInIndex = 0; path = ConsciousCartTests.xctest; sourceTree = BUILT_PRODUCTS_DIR; };
		4497E3B129F358BD0029451E /* ConsciousCartTests.swift */ = {isa = PBXFileReference; lastKnownFileType = sourcecode.swift; path = ConsciousCartTests.swift; sourceTree = "<group>"; };
		4497E3B729F358BD0029451E /* ConsciousCartUITests.xctest */ = {isa = PBXFileReference; explicitFileType = wrapper.cfbundle; includeInIndex = 0; path = ConsciousCartUITests.xctest; sourceTree = BUILT_PRODUCTS_DIR; };
		4497E3BB29F358BD0029451E /* ConsciousCartUITests.swift */ = {isa = PBXFileReference; lastKnownFileType = sourcecode.swift; path = ConsciousCartUITests.swift; sourceTree = "<group>"; };
		4497E3BD29F358BD0029451E /* ConsciousCartUITestsLaunchTests.swift */ = {isa = PBXFileReference; lastKnownFileType = sourcecode.swift; path = ConsciousCartUITestsLaunchTests.swift; sourceTree = "<group>"; };
		44AACCD62A0344AF0053334C /* BarcodeAPIManager.swift */ = {isa = PBXFileReference; lastKnownFileType = sourcecode.swift; path = BarcodeAPIManager.swift; sourceTree = "<group>"; };
		44AACCD82A0345FC0053334C /* Secrets.swift */ = {isa = PBXFileReference; lastKnownFileType = sourcecode.swift; path = Secrets.swift; sourceTree = "<group>"; };
		44AACCDA2A0346260053334C /* BarcodeInfo.swift */ = {isa = PBXFileReference; lastKnownFileType = sourcecode.swift; path = BarcodeInfo.swift; sourceTree = "<group>"; };
		44AACCDC2A0357240053334C /* ConsciousCartTextField.swift */ = {isa = PBXFileReference; lastKnownFileType = sourcecode.swift; path = ConsciousCartTextField.swift; sourceTree = "<group>"; };
		44C6D18D2A04A552007E4751 /* SpinnerViewController.swift */ = {isa = PBXFileReference; lastKnownFileType = sourcecode.swift; path = SpinnerViewController.swift; sourceTree = "<group>"; };
		44D7291C2A0A9E710031A9EE /* Righteous-Regular.ttf */ = {isa = PBXFileReference; lastKnownFileType = file; path = "Righteous-Regular.ttf"; sourceTree = "<group>"; };
		44D7291E2A0A9EF60031A9EE /* OFL_Righteous.txt */ = {isa = PBXFileReference; fileEncoding = 4; lastKnownFileType = text; path = OFL_Righteous.txt; sourceTree = "<group>"; };
/* End PBXFileReference section */

/* Begin PBXFrameworksBuildPhase section */
		4497E39429F358BC0029451E /* Frameworks */ = {
			isa = PBXFrameworksBuildPhase;
			buildActionMask = 2147483647;
			files = (
				44595ED52A01FE4F00D0AC48 /* RiveRuntime in Frameworks */,
			);
			runOnlyForDeploymentPostprocessing = 0;
		};
		4497E3AA29F358BD0029451E /* Frameworks */ = {
			isa = PBXFrameworksBuildPhase;
			buildActionMask = 2147483647;
			files = (
			);
			runOnlyForDeploymentPostprocessing = 0;
		};
		4497E3B429F358BD0029451E /* Frameworks */ = {
			isa = PBXFrameworksBuildPhase;
			buildActionMask = 2147483647;
			files = (
			);
			runOnlyForDeploymentPostprocessing = 0;
		};
/* End PBXFrameworksBuildPhase section */

/* Begin PBXGroup section */
		4450EED12A088A6A00D8C680 /* Managers */ = {
			isa = PBXGroup;
			children = (
				44AACCD62A0344AF0053334C /* BarcodeAPIManager.swift */,
			);
			path = Managers;
			sourceTree = "<group>";
		};
		44595EDA2A01FE6200D0AC48 /* Animations */ = {
			isa = PBXGroup;
			children = (
				44595EE82A02219C00D0AC48 /* checkmark.riv */,
			);
			path = Animations;
			sourceTree = "<group>";
		};
		4497E38E29F358BC0029451E = {
			isa = PBXGroup;
			children = (
				4497E39929F358BC0029451E /* ConsciousCart */,
				4497E3B029F358BD0029451E /* ConsciousCartTests */,
				4497E3BA29F358BD0029451E /* ConsciousCartUITests */,
				4497E39829F358BC0029451E /* Products */,
			);
			sourceTree = "<group>";
		};
		4497E39829F358BC0029451E /* Products */ = {
			isa = PBXGroup;
			children = (
				4497E39729F358BC0029451E /* ConsciousCart.app */,
				4497E3AD29F358BD0029451E /* ConsciousCartTests.xctest */,
				4497E3B729F358BD0029451E /* ConsciousCartUITests.xctest */,
			);
			name = Products;
			sourceTree = "<group>";
		};
		4497E39929F358BC0029451E /* ConsciousCart */ = {
			isa = PBXGroup;
			children = (
				4497E39A29F358BC0029451E /* AppDelegate.swift */,
				4497E39C29F358BC0029451E /* SceneDelegate.swift */,
				44AACCD82A0345FC0053334C /* Secrets.swift */,
				4496A0592A170F3E004C1349 /* Utils.swift */,
				4450EED12A088A6A00D8C680 /* Managers */,
				4497E3D929F35B040029451E /* Models */,
				4497E3DA29F35B090029451E /* Views */,
				4497E3DB29F35B150029451E /* Controllers */,
				44D7291B2A0A9E4D0031A9EE /* Resources */,
				4497E3A329F358BC0029451E /* Assets.xcassets */,
				4497E3A829F358BC0029451E /* Info.plist */,
			);
			path = ConsciousCart;
			sourceTree = "<group>";
		};
		4497E3B029F358BD0029451E /* ConsciousCartTests */ = {
			isa = PBXGroup;
			children = (
				4497E3B129F358BD0029451E /* ConsciousCartTests.swift */,
			);
			path = ConsciousCartTests;
			sourceTree = "<group>";
		};
		4497E3BA29F358BD0029451E /* ConsciousCartUITests */ = {
			isa = PBXGroup;
			children = (
				4497E3BB29F358BD0029451E /* ConsciousCartUITests.swift */,
				4497E3BD29F358BD0029451E /* ConsciousCartUITestsLaunchTests.swift */,
			);
			path = ConsciousCartUITests;
			sourceTree = "<group>";
		};
		4497E3D929F35B040029451E /* Models */ = {
			isa = PBXGroup;
			children = (
				444222142A11C3E000753F8D /* ConsciousCart.xcdatamodeld */,
				444222172A11C4B700753F8D /* Impulse+CoreDataClass.swift */,
				444222182A11C4B700753F8D /* Impulse+CoreDataProperties.swift */,
				442018A129FB7ED000AD9812 /* ConsciousCartItem.swift */,
				44AACCDA2A0346260053334C /* BarcodeInfo.swift */,
				444222122A11C35800753F8D /* FileManager-DocumentsDirectory.swift */,
			);
			path = Models;
			sourceTree = "<group>";
		};
		4497E3DA29F35B090029451E /* Views */ = {
			isa = PBXGroup;
			children = (
				4497E3A529F358BC0029451E /* LaunchScreen.storyboard */,
				44296B4F29F62A8A0030FF3D /* ConsciousCartButton.swift */,
				444222102A11B19000753F8D /* ChangeImageContainerView.swift */,
				444A774729FA059800EBF1E8 /* SavingsChart.swift */,
				44AACCDC2A0357240053334C /* ConsciousCartTextField.swift */,
				44C6D18D2A04A552007E4751 /* SpinnerViewController.swift */,
				4496A05D2A171CDC004C1349 /* ImpulseTableViewCell.swift */,
				445EF7B22A187ABF0013ACB1 /* SettingsView.swift */,
			);
			path = Views;
			sourceTree = "<group>";
		};
		4497E3DB29F35B150029451E /* Controllers */ = {
			isa = PBXGroup;
			children = (
				4496A0132A140BC4004C1349 /* MainViewController.swift */,
				442AB11E29F8C0940061389A /* AddToConsciousCartViewController.swift */,
				4445FFAF29FA31510067FD1F /* ProfileViewController.swift */,
				4445B89C2A00BD4A0022F281 /* ScannerViewController.swift */,
				44595EDB2A01FF2300D0AC48 /* CheckmarkAnimationViewController.swift */,
				445EF7B02A1879630013ACB1 /* ImpulseDetailViewController.swift */,
				445EF7B42A187B140013ACB1 /* SettingsViewController.swift */,
			);
			path = Controllers;
			sourceTree = "<group>";
		};
		44D7291A2A0A9E430031A9EE /* Fonts */ = {
			isa = PBXGroup;
			children = (
				4496A05B2A171014004C1349 /* Nunito-Bold.ttf */,
				4496A0552A16895F004C1349 /* Nunito-Regular.ttf */,
				44D7291C2A0A9E710031A9EE /* Righteous-Regular.ttf */,
				44D7291E2A0A9EF60031A9EE /* OFL_Righteous.txt */,
				4496A0572A16896F004C1349 /* OFL_Nunito.txt */,
			);
			path = Fonts;
			sourceTree = "<group>";
		};
		44D7291B2A0A9E4D0031A9EE /* Resources */ = {
			isa = PBXGroup;
			children = (
				44595EDA2A01FE6200D0AC48 /* Animations */,
				44D7291A2A0A9E430031A9EE /* Fonts */,
			);
			path = Resources;
			sourceTree = "<group>";
		};
/* End PBXGroup section */

/* Begin PBXNativeTarget section */
		4497E39629F358BC0029451E /* ConsciousCart */ = {
			isa = PBXNativeTarget;
			buildConfigurationList = 4497E3C129F358BD0029451E /* Build configuration list for PBXNativeTarget "ConsciousCart" */;
			buildPhases = (
				4497E39329F358BC0029451E /* Sources */,
				4497E39429F358BC0029451E /* Frameworks */,
				4497E39529F358BC0029451E /* Resources */,
			);
			buildRules = (
			);
			dependencies = (
			);
			name = ConsciousCart;
			packageProductDependencies = (
				44595ED42A01FE4F00D0AC48 /* RiveRuntime */,
			);
			productName = ConsciousCart;
			productReference = 4497E39729F358BC0029451E /* ConsciousCart.app */;
			productType = "com.apple.product-type.application";
		};
		4497E3AC29F358BD0029451E /* ConsciousCartTests */ = {
			isa = PBXNativeTarget;
			buildConfigurationList = 4497E3C429F358BD0029451E /* Build configuration list for PBXNativeTarget "ConsciousCartTests" */;
			buildPhases = (
				4497E3A929F358BD0029451E /* Sources */,
				4497E3AA29F358BD0029451E /* Frameworks */,
				4497E3AB29F358BD0029451E /* Resources */,
			);
			buildRules = (
			);
			dependencies = (
				4497E3AF29F358BD0029451E /* PBXTargetDependency */,
			);
			name = ConsciousCartTests;
			productName = ConsciousCartTests;
			productReference = 4497E3AD29F358BD0029451E /* ConsciousCartTests.xctest */;
			productType = "com.apple.product-type.bundle.unit-test";
		};
		4497E3B629F358BD0029451E /* ConsciousCartUITests */ = {
			isa = PBXNativeTarget;
			buildConfigurationList = 4497E3C729F358BD0029451E /* Build configuration list for PBXNativeTarget "ConsciousCartUITests" */;
			buildPhases = (
				4497E3B329F358BD0029451E /* Sources */,
				4497E3B429F358BD0029451E /* Frameworks */,
				4497E3B529F358BD0029451E /* Resources */,
			);
			buildRules = (
			);
			dependencies = (
				4497E3B929F358BD0029451E /* PBXTargetDependency */,
			);
			name = ConsciousCartUITests;
			productName = ConsciousCartUITests;
			productReference = 4497E3B729F358BD0029451E /* ConsciousCartUITests.xctest */;
			productType = "com.apple.product-type.bundle.ui-testing";
		};
/* End PBXNativeTarget section */

/* Begin PBXProject section */
		4497E38F29F358BC0029451E /* Project object */ = {
			isa = PBXProject;
			attributes = {
				BuildIndependentTargetsInParallel = 1;
				LastSwiftUpdateCheck = 1430;
				LastUpgradeCheck = 1430;
				TargetAttributes = {
					4497E39629F358BC0029451E = {
						CreatedOnToolsVersion = 14.3;
					};
					4497E3AC29F358BD0029451E = {
						CreatedOnToolsVersion = 14.3;
						TestTargetID = 4497E39629F358BC0029451E;
					};
					4497E3B629F358BD0029451E = {
						CreatedOnToolsVersion = 14.3;
						TestTargetID = 4497E39629F358BC0029451E;
					};
				};
			};
			buildConfigurationList = 4497E39229F358BC0029451E /* Build configuration list for PBXProject "ConsciousCart" */;
			compatibilityVersion = "Xcode 14.0";
			developmentRegion = en;
			hasScannedForEncodings = 0;
			knownRegions = (
				en,
				Base,
			);
			mainGroup = 4497E38E29F358BC0029451E;
			packageReferences = (
				44595ED32A01FE4F00D0AC48 /* XCRemoteSwiftPackageReference "rive-ios" */,
			);
			productRefGroup = 4497E39829F358BC0029451E /* Products */;
			projectDirPath = "";
			projectRoot = "";
			targets = (
				4497E39629F358BC0029451E /* ConsciousCart */,
				4497E3AC29F358BD0029451E /* ConsciousCartTests */,
				4497E3B629F358BD0029451E /* ConsciousCartUITests */,
			);
		};
/* End PBXProject section */

/* Begin PBXResourcesBuildPhase section */
		4497E39529F358BC0029451E /* Resources */ = {
			isa = PBXResourcesBuildPhase;
			buildActionMask = 2147483647;
			files = (
				4496A0562A16895F004C1349 /* Nunito-Regular.ttf in Resources */,
				44D7291F2A0A9EF60031A9EE /* OFL_Righteous.txt in Resources */,
				4497E3A729F358BC0029451E /* LaunchScreen.storyboard in Resources */,
				44595EE92A02219C00D0AC48 /* checkmark.riv in Resources */,
				4496A0582A16896F004C1349 /* OFL_Nunito.txt in Resources */,
				44D7291D2A0A9E710031A9EE /* Righteous-Regular.ttf in Resources */,
				4496A05C2A171014004C1349 /* Nunito-Bold.ttf in Resources */,
				4497E3A429F358BC0029451E /* Assets.xcassets in Resources */,
			);
			runOnlyForDeploymentPostprocessing = 0;
		};
		4497E3AB29F358BD0029451E /* Resources */ = {
			isa = PBXResourcesBuildPhase;
			buildActionMask = 2147483647;
			files = (
				44595EEA2A02219C00D0AC48 /* checkmark.riv in Resources */,
			);
			runOnlyForDeploymentPostprocessing = 0;
		};
		4497E3B529F358BD0029451E /* Resources */ = {
			isa = PBXResourcesBuildPhase;
			buildActionMask = 2147483647;
			files = (
				44595EEB2A02219C00D0AC48 /* checkmark.riv in Resources */,
			);
			runOnlyForDeploymentPostprocessing = 0;
		};
/* End PBXResourcesBuildPhase section */

/* Begin PBXSourcesBuildPhase section */
		4497E39329F358BC0029451E /* Sources */ = {
			isa = PBXSourcesBuildPhase;
			buildActionMask = 2147483647;
			files = (
				4496A0142A140BC4004C1349 /* MainViewController.swift in Sources */,
				44AACCDD2A0357240053334C /* ConsciousCartTextField.swift in Sources */,
				4442221A2A11C4B700753F8D /* Impulse+CoreDataProperties.swift in Sources */,
				44595EDC2A01FF2300D0AC48 /* CheckmarkAnimationViewController.swift in Sources */,
				442018A229FB7ED000AD9812 /* ConsciousCartItem.swift in Sources */,
				4497E39B29F358BC0029451E /* AppDelegate.swift in Sources */,
				4496A05A2A170F3E004C1349 /* Utils.swift in Sources */,
				44C6D18E2A04A552007E4751 /* SpinnerViewController.swift in Sources */,
				445EF7B52A187B140013ACB1 /* SettingsViewController.swift in Sources */,
				44AACCD72A0344AF0053334C /* BarcodeAPIManager.swift in Sources */,
				445EF7B32A187ABF0013ACB1 /* SettingsView.swift in Sources */,
				444222112A11B19000753F8D /* ChangeImageContainerView.swift in Sources */,
				4497E39D29F358BC0029451E /* SceneDelegate.swift in Sources */,
				444222132A11C35800753F8D /* FileManager-DocumentsDirectory.swift in Sources */,
				445EF7B12A1879630013ACB1 /* ImpulseDetailViewController.swift in Sources */,
				442AB11F29F8C0940061389A /* AddToConsciousCartViewController.swift in Sources */,
				4445FFB029FA31510067FD1F /* ProfileViewController.swift in Sources */,
				44AACCDB2A0346260053334C /* BarcodeInfo.swift in Sources */,
				44AACCD92A0345FC0053334C /* Secrets.swift in Sources */,
				444222192A11C4B700753F8D /* Impulse+CoreDataClass.swift in Sources */,
				4496A05E2A171CDC004C1349 /* ImpulseTableViewCell.swift in Sources */,
				444222162A11C3E000753F8D /* ConsciousCart.xcdatamodeld in Sources */,
				444A774829FA059800EBF1E8 /* SavingsChart.swift in Sources */,
				44296B5029F62A8A0030FF3D /* ConsciousCartButton.swift in Sources */,
				4445B89D2A00BD4A0022F281 /* ScannerViewController.swift in Sources */,
			);
			runOnlyForDeploymentPostprocessing = 0;
		};
		4497E3A929F358BD0029451E /* Sources */ = {
			isa = PBXSourcesBuildPhase;
			buildActionMask = 2147483647;
			files = (
				44296B5129F62A8A0030FF3D /* ConsciousCartButton.swift in Sources */,
				44595EDD2A01FF2300D0AC48 /* CheckmarkAnimationViewController.swift in Sources */,
				4497E3B229F358BD0029451E /* ConsciousCartTests.swift in Sources */,
			);
			runOnlyForDeploymentPostprocessing = 0;
		};
		4497E3B329F358BD0029451E /* Sources */ = {
			isa = PBXSourcesBuildPhase;
			buildActionMask = 2147483647;
			files = (
				4497E3BC29F358BD0029451E /* ConsciousCartUITests.swift in Sources */,
				44595EDE2A01FF2300D0AC48 /* CheckmarkAnimationViewController.swift in Sources */,
				44296B5229F62A8A0030FF3D /* ConsciousCartButton.swift in Sources */,
				4497E3BE29F358BD0029451E /* ConsciousCartUITestsLaunchTests.swift in Sources */,
			);
			runOnlyForDeploymentPostprocessing = 0;
		};
/* End PBXSourcesBuildPhase section */

/* Begin PBXTargetDependency section */
		4497E3AF29F358BD0029451E /* PBXTargetDependency */ = {
			isa = PBXTargetDependency;
			target = 4497E39629F358BC0029451E /* ConsciousCart */;
			targetProxy = 4497E3AE29F358BD0029451E /* PBXContainerItemProxy */;
		};
		4497E3B929F358BD0029451E /* PBXTargetDependency */ = {
			isa = PBXTargetDependency;
			target = 4497E39629F358BC0029451E /* ConsciousCart */;
			targetProxy = 4497E3B829F358BD0029451E /* PBXContainerItemProxy */;
		};
/* End PBXTargetDependency section */

/* Begin PBXVariantGroup section */
		4497E3A529F358BC0029451E /* LaunchScreen.storyboard */ = {
			isa = PBXVariantGroup;
			children = (
				4497E3A629F358BC0029451E /* Base */,
			);
			name = LaunchScreen.storyboard;
			sourceTree = "<group>";
		};
/* End PBXVariantGroup section */

/* Begin XCBuildConfiguration section */
		4497E3BF29F358BD0029451E /* Debug */ = {
			isa = XCBuildConfiguration;
			buildSettings = {
				ALWAYS_SEARCH_USER_PATHS = NO;
				CLANG_ANALYZER_NONNULL = YES;
				CLANG_ANALYZER_NUMBER_OBJECT_CONVERSION = YES_AGGRESSIVE;
				CLANG_CXX_LANGUAGE_STANDARD = "gnu++20";
				CLANG_ENABLE_MODULES = YES;
				CLANG_ENABLE_OBJC_ARC = YES;
				CLANG_ENABLE_OBJC_WEAK = YES;
				CLANG_WARN_BLOCK_CAPTURE_AUTORELEASING = YES;
				CLANG_WARN_BOOL_CONVERSION = YES;
				CLANG_WARN_COMMA = YES;
				CLANG_WARN_CONSTANT_CONVERSION = YES;
				CLANG_WARN_DEPRECATED_OBJC_IMPLEMENTATIONS = YES;
				CLANG_WARN_DIRECT_OBJC_ISA_USAGE = YES_ERROR;
				CLANG_WARN_DOCUMENTATION_COMMENTS = YES;
				CLANG_WARN_EMPTY_BODY = YES;
				CLANG_WARN_ENUM_CONVERSION = YES;
				CLANG_WARN_INFINITE_RECURSION = YES;
				CLANG_WARN_INT_CONVERSION = YES;
				CLANG_WARN_NON_LITERAL_NULL_CONVERSION = YES;
				CLANG_WARN_OBJC_IMPLICIT_RETAIN_SELF = YES;
				CLANG_WARN_OBJC_LITERAL_CONVERSION = YES;
				CLANG_WARN_OBJC_ROOT_CLASS = YES_ERROR;
				CLANG_WARN_QUOTED_INCLUDE_IN_FRAMEWORK_HEADER = YES;
				CLANG_WARN_RANGE_LOOP_ANALYSIS = YES;
				CLANG_WARN_STRICT_PROTOTYPES = YES;
				CLANG_WARN_SUSPICIOUS_MOVE = YES;
				CLANG_WARN_UNGUARDED_AVAILABILITY = YES_AGGRESSIVE;
				CLANG_WARN_UNREACHABLE_CODE = YES;
				CLANG_WARN__DUPLICATE_METHOD_MATCH = YES;
				COPY_PHASE_STRIP = NO;
				DEBUG_INFORMATION_FORMAT = dwarf;
				ENABLE_STRICT_OBJC_MSGSEND = YES;
				ENABLE_TESTABILITY = YES;
				GCC_C_LANGUAGE_STANDARD = gnu11;
				GCC_DYNAMIC_NO_PIC = NO;
				GCC_NO_COMMON_BLOCKS = YES;
				GCC_OPTIMIZATION_LEVEL = 0;
				GCC_PREPROCESSOR_DEFINITIONS = (
					"DEBUG=1",
					"$(inherited)",
				);
				GCC_WARN_64_TO_32_BIT_CONVERSION = YES;
				GCC_WARN_ABOUT_RETURN_TYPE = YES_ERROR;
				GCC_WARN_UNDECLARED_SELECTOR = YES;
				GCC_WARN_UNINITIALIZED_AUTOS = YES_AGGRESSIVE;
				GCC_WARN_UNUSED_FUNCTION = YES;
				GCC_WARN_UNUSED_VARIABLE = YES;
				IPHONEOS_DEPLOYMENT_TARGET = 16.4;
				MTL_ENABLE_DEBUG_INFO = INCLUDE_SOURCE;
				MTL_FAST_MATH = YES;
				ONLY_ACTIVE_ARCH = YES;
				SDKROOT = iphoneos;
				SWIFT_ACTIVE_COMPILATION_CONDITIONS = DEBUG;
				SWIFT_OPTIMIZATION_LEVEL = "-Onone";
			};
			name = Debug;
		};
		4497E3C029F358BD0029451E /* Release */ = {
			isa = XCBuildConfiguration;
			buildSettings = {
				ALWAYS_SEARCH_USER_PATHS = NO;
				CLANG_ANALYZER_NONNULL = YES;
				CLANG_ANALYZER_NUMBER_OBJECT_CONVERSION = YES_AGGRESSIVE;
				CLANG_CXX_LANGUAGE_STANDARD = "gnu++20";
				CLANG_ENABLE_MODULES = YES;
				CLANG_ENABLE_OBJC_ARC = YES;
				CLANG_ENABLE_OBJC_WEAK = YES;
				CLANG_WARN_BLOCK_CAPTURE_AUTORELEASING = YES;
				CLANG_WARN_BOOL_CONVERSION = YES;
				CLANG_WARN_COMMA = YES;
				CLANG_WARN_CONSTANT_CONVERSION = YES;
				CLANG_WARN_DEPRECATED_OBJC_IMPLEMENTATIONS = YES;
				CLANG_WARN_DIRECT_OBJC_ISA_USAGE = YES_ERROR;
				CLANG_WARN_DOCUMENTATION_COMMENTS = YES;
				CLANG_WARN_EMPTY_BODY = YES;
				CLANG_WARN_ENUM_CONVERSION = YES;
				CLANG_WARN_INFINITE_RECURSION = YES;
				CLANG_WARN_INT_CONVERSION = YES;
				CLANG_WARN_NON_LITERAL_NULL_CONVERSION = YES;
				CLANG_WARN_OBJC_IMPLICIT_RETAIN_SELF = YES;
				CLANG_WARN_OBJC_LITERAL_CONVERSION = YES;
				CLANG_WARN_OBJC_ROOT_CLASS = YES_ERROR;
				CLANG_WARN_QUOTED_INCLUDE_IN_FRAMEWORK_HEADER = YES;
				CLANG_WARN_RANGE_LOOP_ANALYSIS = YES;
				CLANG_WARN_STRICT_PROTOTYPES = YES;
				CLANG_WARN_SUSPICIOUS_MOVE = YES;
				CLANG_WARN_UNGUARDED_AVAILABILITY = YES_AGGRESSIVE;
				CLANG_WARN_UNREACHABLE_CODE = YES;
				CLANG_WARN__DUPLICATE_METHOD_MATCH = YES;
				COPY_PHASE_STRIP = NO;
				DEBUG_INFORMATION_FORMAT = "dwarf-with-dsym";
				ENABLE_NS_ASSERTIONS = NO;
				ENABLE_STRICT_OBJC_MSGSEND = YES;
				GCC_C_LANGUAGE_STANDARD = gnu11;
				GCC_NO_COMMON_BLOCKS = YES;
				GCC_WARN_64_TO_32_BIT_CONVERSION = YES;
				GCC_WARN_ABOUT_RETURN_TYPE = YES_ERROR;
				GCC_WARN_UNDECLARED_SELECTOR = YES;
				GCC_WARN_UNINITIALIZED_AUTOS = YES_AGGRESSIVE;
				GCC_WARN_UNUSED_FUNCTION = YES;
				GCC_WARN_UNUSED_VARIABLE = YES;
				IPHONEOS_DEPLOYMENT_TARGET = 16.4;
				MTL_ENABLE_DEBUG_INFO = NO;
				MTL_FAST_MATH = YES;
				SDKROOT = iphoneos;
				SWIFT_COMPILATION_MODE = wholemodule;
				SWIFT_OPTIMIZATION_LEVEL = "-O";
				VALIDATE_PRODUCT = YES;
			};
			name = Release;
		};
		4497E3C229F358BD0029451E /* Debug */ = {
			isa = XCBuildConfiguration;
			buildSettings = {
				ASSETCATALOG_COMPILER_APPICON_NAME = AppIcon;
				ASSETCATALOG_COMPILER_GLOBAL_ACCENT_COLOR_NAME = AccentColor;
				CODE_SIGN_STYLE = Automatic;
				CURRENT_PROJECT_VERSION = 1;
				DEVELOPMENT_TEAM = E24P6RF94S;
				GENERATE_INFOPLIST_FILE = YES;
				INFOPLIST_FILE = ConsciousCart/Info.plist;
				INFOPLIST_KEY_CFBundleDisplayName = ConsciousCart;
				INFOPLIST_KEY_LSApplicationCategoryType = "public.app-category.finance";
				INFOPLIST_KEY_NSCameraUsageDescription = "Please allow access to your camera to take a photo.";
				INFOPLIST_KEY_NSHumanReadableCopyright = "";
				INFOPLIST_KEY_NSPhotoLibraryUsageDescription = "Please allow access to your Photos Library to select a photo.";
				INFOPLIST_KEY_UIApplicationSupportsIndirectInputEvents = YES;
				INFOPLIST_KEY_UILaunchStoryboardName = LaunchScreen;
				INFOPLIST_KEY_UISupportedInterfaceOrientations = UIInterfaceOrientationPortrait;
				INFOPLIST_KEY_UISupportedInterfaceOrientations_iPad = "UIInterfaceOrientationLandscapeLeft UIInterfaceOrientationLandscapeRight UIInterfaceOrientationPortrait UIInterfaceOrientationPortraitUpsideDown";
				LD_RUNPATH_SEARCH_PATHS = (
					"$(inherited)",
					"@executable_path/Frameworks",
				);
				MARKETING_VERSION = 1.0;
				PRODUCT_BUNDLE_IDENTIFIER = com.giorgio.ConsciousCart;
				PRODUCT_NAME = "$(TARGET_NAME)";
				SWIFT_EMIT_LOC_STRINGS = YES;
				SWIFT_VERSION = 5.0;
				TARGETED_DEVICE_FAMILY = "1,2";
			};
			name = Debug;
		};
		4497E3C329F358BD0029451E /* Release */ = {
			isa = XCBuildConfiguration;
			buildSettings = {
				ASSETCATALOG_COMPILER_APPICON_NAME = AppIcon;
				ASSETCATALOG_COMPILER_GLOBAL_ACCENT_COLOR_NAME = AccentColor;
				CODE_SIGN_STYLE = Automatic;
				CURRENT_PROJECT_VERSION = 1;
				DEVELOPMENT_TEAM = E24P6RF94S;
				GENERATE_INFOPLIST_FILE = YES;
				INFOPLIST_FILE = ConsciousCart/Info.plist;
				INFOPLIST_KEY_CFBundleDisplayName = ConsciousCart;
				INFOPLIST_KEY_LSApplicationCategoryType = "public.app-category.finance";
				INFOPLIST_KEY_NSCameraUsageDescription = "Please allow access to your camera to take a photo.";
				INFOPLIST_KEY_NSHumanReadableCopyright = "";
				INFOPLIST_KEY_NSPhotoLibraryUsageDescription = "Please allow access to your Photos Library to select a photo.";
				INFOPLIST_KEY_UIApplicationSupportsIndirectInputEvents = YES;
				INFOPLIST_KEY_UILaunchStoryboardName = LaunchScreen;
				INFOPLIST_KEY_UISupportedInterfaceOrientations = UIInterfaceOrientationPortrait;
				INFOPLIST_KEY_UISupportedInterfaceOrientations_iPad = "UIInterfaceOrientationLandscapeLeft UIInterfaceOrientationLandscapeRight UIInterfaceOrientationPortrait UIInterfaceOrientationPortraitUpsideDown";
				LD_RUNPATH_SEARCH_PATHS = (
					"$(inherited)",
					"@executable_path/Frameworks",
				);
				MARKETING_VERSION = 1.0;
				PRODUCT_BUNDLE_IDENTIFIER = com.giorgio.ConsciousCart;
				PRODUCT_NAME = "$(TARGET_NAME)";
				SWIFT_EMIT_LOC_STRINGS = YES;
				SWIFT_VERSION = 5.0;
				TARGETED_DEVICE_FAMILY = "1,2";
			};
			name = Release;
		};
		4497E3C529F358BD0029451E /* Debug */ = {
			isa = XCBuildConfiguration;
			buildSettings = {
				ALWAYS_EMBED_SWIFT_STANDARD_LIBRARIES = YES;
				BUNDLE_LOADER = "$(TEST_HOST)";
				CODE_SIGN_STYLE = Automatic;
				CURRENT_PROJECT_VERSION = 1;
				DEVELOPMENT_TEAM = E24P6RF94S;
				GENERATE_INFOPLIST_FILE = YES;
				IPHONEOS_DEPLOYMENT_TARGET = 16.4;
				MARKETING_VERSION = 1.0;
				PRODUCT_BUNDLE_IDENTIFIER = com.giorgio.ConsciousCartTests;
				PRODUCT_NAME = "$(TARGET_NAME)";
				SWIFT_EMIT_LOC_STRINGS = NO;
				SWIFT_VERSION = 5.0;
				TARGETED_DEVICE_FAMILY = "1,2";
				TEST_HOST = "$(BUILT_PRODUCTS_DIR)/ConsciousCart.app/$(BUNDLE_EXECUTABLE_FOLDER_PATH)/ConsciousCart";
			};
			name = Debug;
		};
		4497E3C629F358BD0029451E /* Release */ = {
			isa = XCBuildConfiguration;
			buildSettings = {
				ALWAYS_EMBED_SWIFT_STANDARD_LIBRARIES = YES;
				BUNDLE_LOADER = "$(TEST_HOST)";
				CODE_SIGN_STYLE = Automatic;
				CURRENT_PROJECT_VERSION = 1;
				DEVELOPMENT_TEAM = E24P6RF94S;
				GENERATE_INFOPLIST_FILE = YES;
				IPHONEOS_DEPLOYMENT_TARGET = 16.4;
				MARKETING_VERSION = 1.0;
				PRODUCT_BUNDLE_IDENTIFIER = com.giorgio.ConsciousCartTests;
				PRODUCT_NAME = "$(TARGET_NAME)";
				SWIFT_EMIT_LOC_STRINGS = NO;
				SWIFT_VERSION = 5.0;
				TARGETED_DEVICE_FAMILY = "1,2";
				TEST_HOST = "$(BUILT_PRODUCTS_DIR)/ConsciousCart.app/$(BUNDLE_EXECUTABLE_FOLDER_PATH)/ConsciousCart";
			};
			name = Release;
		};
		4497E3C829F358BD0029451E /* Debug */ = {
			isa = XCBuildConfiguration;
			buildSettings = {
				ALWAYS_EMBED_SWIFT_STANDARD_LIBRARIES = YES;
				CODE_SIGN_STYLE = Automatic;
				CURRENT_PROJECT_VERSION = 1;
				DEVELOPMENT_TEAM = E24P6RF94S;
				GENERATE_INFOPLIST_FILE = YES;
				MARKETING_VERSION = 1.0;
				PRODUCT_BUNDLE_IDENTIFIER = com.giorgio.ConsciousCartUITests;
				PRODUCT_NAME = "$(TARGET_NAME)";
				SWIFT_EMIT_LOC_STRINGS = NO;
				SWIFT_VERSION = 5.0;
				TARGETED_DEVICE_FAMILY = "1,2";
				TEST_TARGET_NAME = ConsciousCart;
			};
			name = Debug;
		};
		4497E3C929F358BD0029451E /* Release */ = {
			isa = XCBuildConfiguration;
			buildSettings = {
				ALWAYS_EMBED_SWIFT_STANDARD_LIBRARIES = YES;
				CODE_SIGN_STYLE = Automatic;
				CURRENT_PROJECT_VERSION = 1;
				DEVELOPMENT_TEAM = E24P6RF94S;
				GENERATE_INFOPLIST_FILE = YES;
				MARKETING_VERSION = 1.0;
				PRODUCT_BUNDLE_IDENTIFIER = com.giorgio.ConsciousCartUITests;
				PRODUCT_NAME = "$(TARGET_NAME)";
				SWIFT_EMIT_LOC_STRINGS = NO;
				SWIFT_VERSION = 5.0;
				TARGETED_DEVICE_FAMILY = "1,2";
				TEST_TARGET_NAME = ConsciousCart;
			};
			name = Release;
		};
/* End XCBuildConfiguration section */

/* Begin XCConfigurationList section */
		4497E39229F358BC0029451E /* Build configuration list for PBXProject "ConsciousCart" */ = {
			isa = XCConfigurationList;
			buildConfigurations = (
				4497E3BF29F358BD0029451E /* Debug */,
				4497E3C029F358BD0029451E /* Release */,
			);
			defaultConfigurationIsVisible = 0;
			defaultConfigurationName = Release;
		};
		4497E3C129F358BD0029451E /* Build configuration list for PBXNativeTarget "ConsciousCart" */ = {
			isa = XCConfigurationList;
			buildConfigurations = (
				4497E3C229F358BD0029451E /* Debug */,
				4497E3C329F358BD0029451E /* Release */,
			);
			defaultConfigurationIsVisible = 0;
			defaultConfigurationName = Release;
		};
		4497E3C429F358BD0029451E /* Build configuration list for PBXNativeTarget "ConsciousCartTests" */ = {
			isa = XCConfigurationList;
			buildConfigurations = (
				4497E3C529F358BD0029451E /* Debug */,
				4497E3C629F358BD0029451E /* Release */,
			);
			defaultConfigurationIsVisible = 0;
			defaultConfigurationName = Release;
		};
		4497E3C729F358BD0029451E /* Build configuration list for PBXNativeTarget "ConsciousCartUITests" */ = {
			isa = XCConfigurationList;
			buildConfigurations = (
				4497E3C829F358BD0029451E /* Debug */,
				4497E3C929F358BD0029451E /* Release */,
			);
			defaultConfigurationIsVisible = 0;
			defaultConfigurationName = Release;
		};
/* End XCConfigurationList section */

/* Begin XCRemoteSwiftPackageReference section */
		44595ED32A01FE4F00D0AC48 /* XCRemoteSwiftPackageReference "rive-ios" */ = {
			isa = XCRemoteSwiftPackageReference;
			repositoryURL = "https://github.com/rive-app/rive-ios";
			requirement = {
				kind = upToNextMajorVersion;
				minimumVersion = 3.0.0;
			};
		};
/* End XCRemoteSwiftPackageReference section */

/* Begin XCSwiftPackageProductDependency section */
		44595ED42A01FE4F00D0AC48 /* RiveRuntime */ = {
			isa = XCSwiftPackageProductDependency;
			package = 44595ED32A01FE4F00D0AC48 /* XCRemoteSwiftPackageReference "rive-ios" */;
			productName = RiveRuntime;
		};
/* End XCSwiftPackageProductDependency section */

/* Begin XCVersionGroup section */
		444222142A11C3E000753F8D /* ConsciousCart.xcdatamodeld */ = {
			isa = XCVersionGroup;
			children = (
				444222152A11C3E000753F8D /* ConsciousCart.xcdatamodel */,
			);
			currentVersion = 444222152A11C3E000753F8D /* ConsciousCart.xcdatamodel */;
			path = ConsciousCart.xcdatamodeld;
			sourceTree = "<group>";
			versionGroupType = wrapper.xcdatamodel;
		};
/* End XCVersionGroup section */
	};
	rootObject = 4497E38F29F358BC0029451E /* Project object */;
}
