// !$*UTF8*$!
{
	archiveVersion = 1;
	classes = {
	};
	objectVersion = 56;
	objects = {

/* Begin PBXBuildFile section */
		4497E39B29F358BC0029451E /* AppDelegate.swift in Sources */ = {isa = PBXBuildFile; fileRef = 4497E39A29F358BC0029451E /* AppDelegate.swift */; };
		4497E39D29F358BC0029451E /* SceneDelegate.swift in Sources */ = {isa = PBXBuildFile; fileRef = 4497E39C29F358BC0029451E /* SceneDelegate.swift */; };
		4497E39F29F358BC0029451E /* ViewController.swift in Sources */ = {isa = PBXBuildFile; fileRef = 4497E39E29F358BC0029451E /* ViewController.swift */; };
		4497E3A229F358BC0029451E /* Main.storyboard in Resources */ = {isa = PBXBuildFile; fileRef = 4497E3A029F358BC0029451E /* Main.storyboard */; };
		4497E3A429F358BC0029451E /* Assets.xcassets in Resources */ = {isa = PBXBuildFile; fileRef = 4497E3A329F358BC0029451E /* Assets.xcassets */; };
		4497E3A729F358BC0029451E /* LaunchScreen.storyboard in Resources */ = {isa = PBXBuildFile; fileRef = 4497E3A529F358BC0029451E /* LaunchScreen.storyboard */; };
		4497E3B229F358BD0029451E /* ConsciousCartTests.swift in Sources */ = {isa = PBXBuildFile; fileRef = 4497E3B129F358BD0029451E /* ConsciousCartTests.swift */; };
		4497E3BC29F358BD0029451E /* ConsciousCartUITests.swift in Sources */ = {isa = PBXBuildFile; fileRef = 4497E3BB29F358BD0029451E /* ConsciousCartUITests.swift */; };
		4497E3BE29F358BD0029451E /* ConsciousCartUITestsLaunchTests.swift in Sources */ = {isa = PBXBuildFile; fileRef = 4497E3BD29F358BD0029451E /* ConsciousCartUITestsLaunchTests.swift */; };
		4497E3D029F35A350029451E /* FirebaseAuth in Frameworks */ = {isa = PBXBuildFile; productRef = 4497E3CF29F35A350029451E /* FirebaseAuth */; };
		4497E3D229F35A350029451E /* FirebaseCrashlytics in Frameworks */ = {isa = PBXBuildFile; productRef = 4497E3D129F35A350029451E /* FirebaseCrashlytics */; };
		4497E3D429F35A350029451E /* FirebaseDatabaseSwift in Frameworks */ = {isa = PBXBuildFile; productRef = 4497E3D329F35A350029451E /* FirebaseDatabaseSwift */; };
		4497E3D629F35A350029451E /* FirebaseFirestoreSwift in Frameworks */ = {isa = PBXBuildFile; productRef = 4497E3D529F35A350029451E /* FirebaseFirestoreSwift */; };
		4497E3D829F35A350029451E /* FirebaseStorage in Frameworks */ = {isa = PBXBuildFile; productRef = 4497E3D729F35A350029451E /* FirebaseStorage */; };
		44F5B67529F36FBE00E6A28A /* GoogleService-Info.plist in Resources */ = {isa = PBXBuildFile; fileRef = 44F5B67429F36FBE00E6A28A /* GoogleService-Info.plist */; };
		44F5B67629F36FBE00E6A28A /* GoogleService-Info.plist in Resources */ = {isa = PBXBuildFile; fileRef = 44F5B67429F36FBE00E6A28A /* GoogleService-Info.plist */; };
		44F5B67729F36FBE00E6A28A /* GoogleService-Info.plist in Resources */ = {isa = PBXBuildFile; fileRef = 44F5B67429F36FBE00E6A28A /* GoogleService-Info.plist */; };
/* End PBXBuildFile section */

/* Begin PBXContainerItemProxy section */
		4497E3AE29F358BD0029451E /* PBXContainerItemProxy */ = {
			isa = PBXContainerItemProxy;
			containerPortal = 4497E38F29F358BC0029451E /* Project object */;
			proxyType = 1;
			remoteGlobalIDString = 4497E39629F358BC0029451E;
			remoteInfo = ConsciousCart;
		};
		4497E3B829F358BD0029451E /* PBXContainerItemProxy */ = {
			isa = PBXContainerItemProxy;
			containerPortal = 4497E38F29F358BC0029451E /* Project object */;
			proxyType = 1;
			remoteGlobalIDString = 4497E39629F358BC0029451E;
			remoteInfo = ConsciousCart;
		};
/* End PBXContainerItemProxy section */

/* Begin PBXFileReference section */
		4497E39729F358BC0029451E /* ConsciousCart.app */ = {isa = PBXFileReference; explicitFileType = wrapper.application; includeInIndex = 0; path = ConsciousCart.app; sourceTree = BUILT_PRODUCTS_DIR; };
		4497E39A29F358BC0029451E /* AppDelegate.swift */ = {isa = PBXFileReference; lastKnownFileType = sourcecode.swift; path = AppDelegate.swift; sourceTree = "<group>"; };
		4497E39C29F358BC0029451E /* SceneDelegate.swift */ = {isa = PBXFileReference; lastKnownFileType = sourcecode.swift; path = SceneDelegate.swift; sourceTree = "<group>"; };
		4497E39E29F358BC0029451E /* ViewController.swift */ = {isa = PBXFileReference; lastKnownFileType = sourcecode.swift; path = ViewController.swift; sourceTree = "<group>"; };
		4497E3A129F358BC0029451E /* Base */ = {isa = PBXFileReference; lastKnownFileType = file.storyboard; name = Base; path = Base.lproj/Main.storyboard; sourceTree = "<group>"; };
		4497E3A329F358BC0029451E /* Assets.xcassets */ = {isa = PBXFileReference; lastKnownFileType = folder.assetcatalog; path = Assets.xcassets; sourceTree = "<group>"; };
		4497E3A629F358BC0029451E /* Base */ = {isa = PBXFileReference; lastKnownFileType = file.storyboard; name = Base; path = Base.lproj/LaunchScreen.storyboard; sourceTree = "<group>"; };
		4497E3A829F358BC0029451E /* Info.plist */ = {isa = PBXFileReference; lastKnownFileType = text.plist.xml; path = Info.plist; sourceTree = "<group>"; };
		4497E3AD29F358BD0029451E /* ConsciousCartTests.xctest */ = {isa = PBXFileReference; explicitFileType = wrapper.cfbundle; includeInIndex = 0; path = ConsciousCartTests.xctest; sourceTree = BUILT_PRODUCTS_DIR; };
		4497E3B129F358BD0029451E /* ConsciousCartTests.swift */ = {isa = PBXFileReference; lastKnownFileType = sourcecode.swift; path = ConsciousCartTests.swift; sourceTree = "<group>"; };
		4497E3B729F358BD0029451E /* ConsciousCartUITests.xctest */ = {isa = PBXFileReference; explicitFileType = wrapper.cfbundle; includeInIndex = 0; path = ConsciousCartUITests.xctest; sourceTree = BUILT_PRODUCTS_DIR; };
		4497E3BB29F358BD0029451E /* ConsciousCartUITests.swift */ = {isa = PBXFileReference; lastKnownFileType = sourcecode.swift; path = ConsciousCartUITests.swift; sourceTree = "<group>"; };
		4497E3BD29F358BD0029451E /* ConsciousCartUITestsLaunchTests.swift */ = {isa = PBXFileReference; lastKnownFileType = sourcecode.swift; path = ConsciousCartUITestsLaunchTests.swift; sourceTree = "<group>"; };
		44F5B67429F36FBE00E6A28A /* GoogleService-Info.plist */ = {isa = PBXFileReference; fileEncoding = 4; lastKnownFileType = text.plist.xml; path = "GoogleService-Info.plist"; sourceTree = "<group>"; };
/* End PBXFileReference section */

/* Begin PBXFrameworksBuildPhase section */
		4497E39429F358BC0029451E /* Frameworks */ = {
			isa = PBXFrameworksBuildPhase;
			buildActionMask = 2147483647;
			files = (
				4497E3D429F35A350029451E /* FirebaseDatabaseSwift in Frameworks */,
				4497E3D029F35A350029451E /* FirebaseAuth in Frameworks */,
				4497E3D229F35A350029451E /* FirebaseCrashlytics in Frameworks */,
				4497E3D829F35A350029451E /* FirebaseStorage in Frameworks */,
				4497E3D629F35A350029451E /* FirebaseFirestoreSwift in Frameworks */,
			);
			runOnlyForDeploymentPostprocessing = 0;
		};
		4497E3AA29F358BD0029451E /* Frameworks */ = {
			isa = PBXFrameworksBuildPhase;
			buildActionMask = 2147483647;
			files = (
			);
			runOnlyForDeploymentPostprocessing = 0;
		};
		4497E3B429F358BD0029451E /* Frameworks */ = {
			isa = PBXFrameworksBuildPhase;
			buildActionMask = 2147483647;
			files = (
			);
			runOnlyForDeploymentPostprocessing = 0;
		};
/* End PBXFrameworksBuildPhase section */

/* Begin PBXGroup section */
		4497E38E29F358BC0029451E = {
			isa = PBXGroup;
			children = (
				4497E39929F358BC0029451E /* ConsciousCart */,
				4497E3B029F358BD0029451E /* ConsciousCartTests */,
				4497E3BA29F358BD0029451E /* ConsciousCartUITests */,
				4497E39829F358BC0029451E /* Products */,
			);
			sourceTree = "<group>";
		};
		4497E39829F358BC0029451E /* Products */ = {
			isa = PBXGroup;
			children = (
				4497E39729F358BC0029451E /* ConsciousCart.app */,
				4497E3AD29F358BD0029451E /* ConsciousCartTests.xctest */,
				4497E3B729F358BD0029451E /* ConsciousCartUITests.xctest */,
			);
			name = Products;
			sourceTree = "<group>";
		};
		4497E39929F358BC0029451E /* ConsciousCart */ = {
			isa = PBXGroup;
			children = (
				4497E39A29F358BC0029451E /* AppDelegate.swift */,
				4497E39C29F358BC0029451E /* SceneDelegate.swift */,
				4497E3D929F35B040029451E /* Models */,
				4497E3DA29F35B090029451E /* Views */,
				4497E3DB29F35B150029451E /* Controllers */,
				4497E3A329F358BC0029451E /* Assets.xcassets */,
				4497E3A829F358BC0029451E /* Info.plist */,
				44F5B67429F36FBE00E6A28A /* GoogleService-Info.plist */,
			);
			path = ConsciousCart;
			sourceTree = "<group>";
		};
		4497E3B029F358BD0029451E /* ConsciousCartTests */ = {
			isa = PBXGroup;
			children = (
				4497E3B129F358BD0029451E /* ConsciousCartTests.swift */,
			);
			path = ConsciousCartTests;
			sourceTree = "<group>";
		};
		4497E3BA29F358BD0029451E /* ConsciousCartUITests */ = {
			isa = PBXGroup;
			children = (
				4497E3BB29F358BD0029451E /* ConsciousCartUITests.swift */,
				4497E3BD29F358BD0029451E /* ConsciousCartUITestsLaunchTests.swift */,
			);
			path = ConsciousCartUITests;
			sourceTree = "<group>";
		};
		4497E3D929F35B040029451E /* Models */ = {
			isa = PBXGroup;
			children = (
			);
			path = Models;
			sourceTree = "<group>";
		};
		4497E3DA29F35B090029451E /* Views */ = {
			isa = PBXGroup;
			children = (
				4497E3A029F358BC0029451E /* Main.storyboard */,
				4497E3A529F358BC0029451E /* LaunchScreen.storyboard */,
			);
			path = Views;
			sourceTree = "<group>";
		};
		4497E3DB29F35B150029451E /* Controllers */ = {
			isa = PBXGroup;
			children = (
				4497E39E29F358BC0029451E /* ViewController.swift */,
			);
			path = Controllers;
			sourceTree = "<group>";
		};
/* End PBXGroup section */

/* Begin PBXNativeTarget section */
		4497E39629F358BC0029451E /* ConsciousCart */ = {
			isa = PBXNativeTarget;
			buildConfigurationList = 4497E3C129F358BD0029451E /* Build configuration list for PBXNativeTarget "ConsciousCart" */;
			buildPhases = (
				4497E39329F358BC0029451E /* Sources */,
				4497E39429F358BC0029451E /* Frameworks */,
				4497E39529F358BC0029451E /* Resources */,
			);
			buildRules = (
			);
			dependencies = (
			);
			name = ConsciousCart;
			packageProductDependencies = (
				4497E3CF29F35A350029451E /* FirebaseAuth */,
				4497E3D129F35A350029451E /* FirebaseCrashlytics */,
				4497E3D329F35A350029451E /* FirebaseDatabaseSwift */,
				4497E3D529F35A350029451E /* FirebaseFirestoreSwift */,
				4497E3D729F35A350029451E /* FirebaseStorage */,
			);
			productName = ConsciousCart;
			productReference = 4497E39729F358BC0029451E /* ConsciousCart.app */;
			productType = "com.apple.product-type.application";
		};
		4497E3AC29F358BD0029451E /* ConsciousCartTests */ = {
			isa = PBXNativeTarget;
			buildConfigurationList = 4497E3C429F358BD0029451E /* Build configuration list for PBXNativeTarget "ConsciousCartTests" */;
			buildPhases = (
				4497E3A929F358BD0029451E /* Sources */,
				4497E3AA29F358BD0029451E /* Frameworks */,
				4497E3AB29F358BD0029451E /* Resources */,
			);
			buildRules = (
			);
			dependencies = (
				4497E3AF29F358BD0029451E /* PBXTargetDependency */,
			);
			name = ConsciousCartTests;
			productName = ConsciousCartTests;
			productReference = 4497E3AD29F358BD0029451E /* ConsciousCartTests.xctest */;
			productType = "com.apple.product-type.bundle.unit-test";
		};
		4497E3B629F358BD0029451E /* ConsciousCartUITests */ = {
			isa = PBXNativeTarget;
			buildConfigurationList = 4497E3C729F358BD0029451E /* Build configuration list for PBXNativeTarget "ConsciousCartUITests" */;
			buildPhases = (
				4497E3B329F358BD0029451E /* Sources */,
				4497E3B429F358BD0029451E /* Frameworks */,
				4497E3B529F358BD0029451E /* Resources */,
			);
			buildRules = (
			);
			dependencies = (
				4497E3B929F358BD0029451E /* PBXTargetDependency */,
			);
			name = ConsciousCartUITests;
			productName = ConsciousCartUITests;
			productReference = 4497E3B729F358BD0029451E /* ConsciousCartUITests.xctest */;
			productType = "com.apple.product-type.bundle.ui-testing";
		};
/* End PBXNativeTarget section */

/* Begin PBXProject section */
		4497E38F29F358BC0029451E /* Project object */ = {
			isa = PBXProject;
			attributes = {
				BuildIndependentTargetsInParallel = 1;
				LastSwiftUpdateCheck = 1430;
				LastUpgradeCheck = 1430;
				TargetAttributes = {
					4497E39629F358BC0029451E = {
						CreatedOnToolsVersion = 14.3;
					};
					4497E3AC29F358BD0029451E = {
						CreatedOnToolsVersion = 14.3;
						TestTargetID = 4497E39629F358BC0029451E;
					};
					4497E3B629F358BD0029451E = {
						CreatedOnToolsVersion = 14.3;
						TestTargetID = 4497E39629F358BC0029451E;
					};
				};
			};
			buildConfigurationList = 4497E39229F358BC0029451E /* Build configuration list for PBXProject "ConsciousCart" */;
			compatibilityVersion = "Xcode 14.0";
			developmentRegion = en;
			hasScannedForEncodings = 0;
			knownRegions = (
				en,
				Base,
			);
			mainGroup = 4497E38E29F358BC0029451E;
			packageReferences = (
				4497E3CE29F35A350029451E /* XCRemoteSwiftPackageReference "firebase-ios-sdk" */,
			);
			productRefGroup = 4497E39829F358BC0029451E /* Products */;
			projectDirPath = "";
			projectRoot = "";
			targets = (
				4497E39629F358BC0029451E /* ConsciousCart */,
				4497E3AC29F358BD0029451E /* ConsciousCartTests */,
				4497E3B629F358BD0029451E /* ConsciousCartUITests */,
			);
		};
/* End PBXProject section */

/* Begin PBXResourcesBuildPhase section */
		4497E39529F358BC0029451E /* Resources */ = {
			isa = PBXResourcesBuildPhase;
			buildActionMask = 2147483647;
			files = (
				4497E3A729F358BC0029451E /* LaunchScreen.storyboard in Resources */,
				44F5B67529F36FBE00E6A28A /* GoogleService-Info.plist in Resources */,
				4497E3A429F358BC0029451E /* Assets.xcassets in Resources */,
				4497E3A229F358BC0029451E /* Main.storyboard in Resources */,
			);
			runOnlyForDeploymentPostprocessing = 0;
		};
		4497E3AB29F358BD0029451E /* Resources */ = {
			isa = PBXResourcesBuildPhase;
			buildActionMask = 2147483647;
			files = (
				44F5B67629F36FBE00E6A28A /* GoogleService-Info.plist in Resources */,
			);
			runOnlyForDeploymentPostprocessing = 0;
		};
		4497E3B529F358BD0029451E /* Resources */ = {
			isa = PBXResourcesBuildPhase;
			buildActionMask = 2147483647;
			files = (
				44F5B67729F36FBE00E6A28A /* GoogleService-Info.plist in Resources */,
			);
			runOnlyForDeploymentPostprocessing = 0;
		};
/* End PBXResourcesBuildPhase section */

/* Begin PBXSourcesBuildPhase section */
		4497E39329F358BC0029451E /* Sources */ = {
			isa = PBXSourcesBuildPhase;
			buildActionMask = 2147483647;
			files = (
				4497E39F29F358BC0029451E /* ViewController.swift in Sources */,
				4497E39B29F358BC0029451E /* AppDelegate.swift in Sources */,
				4497E39D29F358BC0029451E /* SceneDelegate.swift in Sources */,
			);
			runOnlyForDeploymentPostprocessing = 0;
		};
		4497E3A929F358BD0029451E /* Sources */ = {
			isa = PBXSourcesBuildPhase;
			buildActionMask = 2147483647;
			files = (
				4497E3B229F358BD0029451E /* ConsciousCartTests.swift in Sources */,
			);
			runOnlyForDeploymentPostprocessing = 0;
		};
		4497E3B329F358BD0029451E /* Sources */ = {
			isa = PBXSourcesBuildPhase;
			buildActionMask = 2147483647;
			files = (
				4497E3BC29F358BD0029451E /* ConsciousCartUITests.swift in Sources */,
				4497E3BE29F358BD0029451E /* ConsciousCartUITestsLaunchTests.swift in Sources */,
			);
			runOnlyForDeploymentPostprocessing = 0;
		};
/* End PBXSourcesBuildPhase section */

/* Begin PBXTargetDependency section */
		4497E3AF29F358BD0029451E /* PBXTargetDependency */ = {
			isa = PBXTargetDependency;
			target = 4497E39629F358BC0029451E /* ConsciousCart */;
			targetProxy = 4497E3AE29F358BD0029451E /* PBXContainerItemProxy */;
		};
		4497E3B929F358BD0029451E /* PBXTargetDependency */ = {
			isa = PBXTargetDependency;
			target = 4497E39629F358BC0029451E /* ConsciousCart */;
			targetProxy = 4497E3B829F358BD0029451E /* PBXContainerItemProxy */;
		};
/* End PBXTargetDependency section */

/* Begin PBXVariantGroup section */
		4497E3A029F358BC0029451E /* Main.storyboard */ = {
			isa = PBXVariantGroup;
			children = (
				4497E3A129F358BC0029451E /* Base */,
			);
			name = Main.storyboard;
			sourceTree = "<group>";
		};
		4497E3A529F358BC0029451E /* LaunchScreen.storyboard */ = {
			isa = PBXVariantGroup;
			children = (
				4497E3A629F358BC0029451E /* Base */,
			);
			name = LaunchScreen.storyboard;
			sourceTree = "<group>";
		};
/* End PBXVariantGroup section */

/* Begin XCBuildConfiguration section */
		4497E3BF29F358BD0029451E /* Debug */ = {
			isa = XCBuildConfiguration;
			buildSettings = {
				ALWAYS_SEARCH_USER_PATHS = NO;
				CLANG_ANALYZER_NONNULL = YES;
				CLANG_ANALYZER_NUMBER_OBJECT_CONVERSION = YES_AGGRESSIVE;
				CLANG_CXX_LANGUAGE_STANDARD = "gnu++20";
				CLANG_ENABLE_MODULES = YES;
				CLANG_ENABLE_OBJC_ARC = YES;
				CLANG_ENABLE_OBJC_WEAK = YES;
				CLANG_WARN_BLOCK_CAPTURE_AUTORELEASING = YES;
				CLANG_WARN_BOOL_CONVERSION = YES;
				CLANG_WARN_COMMA = YES;
				CLANG_WARN_CONSTANT_CONVERSION = YES;
				CLANG_WARN_DEPRECATED_OBJC_IMPLEMENTATIONS = YES;
				CLANG_WARN_DIRECT_OBJC_ISA_USAGE = YES_ERROR;
				CLANG_WARN_DOCUMENTATION_COMMENTS = YES;
				CLANG_WARN_EMPTY_BODY = YES;
				CLANG_WARN_ENUM_CONVERSION = YES;
				CLANG_WARN_INFINITE_RECURSION = YES;
				CLANG_WARN_INT_CONVERSION = YES;
				CLANG_WARN_NON_LITERAL_NULL_CONVERSION = YES;
				CLANG_WARN_OBJC_IMPLICIT_RETAIN_SELF = YES;
				CLANG_WARN_OBJC_LITERAL_CONVERSION = YES;
				CLANG_WARN_OBJC_ROOT_CLASS = YES_ERROR;
				CLANG_WARN_QUOTED_INCLUDE_IN_FRAMEWORK_HEADER = YES;
				CLANG_WARN_RANGE_LOOP_ANALYSIS = YES;
				CLANG_WARN_STRICT_PROTOTYPES = YES;
				CLANG_WARN_SUSPICIOUS_MOVE = YES;
				CLANG_WARN_UNGUARDED_AVAILABILITY = YES_AGGRESSIVE;
				CLANG_WARN_UNREACHABLE_CODE = YES;
				CLANG_WARN__DUPLICATE_METHOD_MATCH = YES;
				COPY_PHASE_STRIP = NO;
				DEBUG_INFORMATION_FORMAT = dwarf;
				ENABLE_STRICT_OBJC_MSGSEND = YES;
				ENABLE_TESTABILITY = YES;
				GCC_C_LANGUAGE_STANDARD = gnu11;
				GCC_DYNAMIC_NO_PIC = NO;
				GCC_NO_COMMON_BLOCKS = YES;
				GCC_OPTIMIZATION_LEVEL = 0;
				GCC_PREPROCESSOR_DEFINITIONS = (
					"DEBUG=1",
					"$(inherited)",
				);
				GCC_WARN_64_TO_32_BIT_CONVERSION = YES;
				GCC_WARN_ABOUT_RETURN_TYPE = YES_ERROR;
				GCC_WARN_UNDECLARED_SELECTOR = YES;
				GCC_WARN_UNINITIALIZED_AUTOS = YES_AGGRESSIVE;
				GCC_WARN_UNUSED_FUNCTION = YES;
				GCC_WARN_UNUSED_VARIABLE = YES;
				IPHONEOS_DEPLOYMENT_TARGET = 16.4;
				MTL_ENABLE_DEBUG_INFO = INCLUDE_SOURCE;
				MTL_FAST_MATH = YES;
				ONLY_ACTIVE_ARCH = YES;
				SDKROOT = iphoneos;
				SWIFT_ACTIVE_COMPILATION_CONDITIONS = DEBUG;
				SWIFT_OPTIMIZATION_LEVEL = "-Onone";
			};
			name = Debug;
		};
		4497E3C029F358BD0029451E /* Release */ = {
			isa = XCBuildConfiguration;
			buildSettings = {
				ALWAYS_SEARCH_USER_PATHS = NO;
				CLANG_ANALYZER_NONNULL = YES;
				CLANG_ANALYZER_NUMBER_OBJECT_CONVERSION = YES_AGGRESSIVE;
				CLANG_CXX_LANGUAGE_STANDARD = "gnu++20";
				CLANG_ENABLE_MODULES = YES;
				CLANG_ENABLE_OBJC_ARC = YES;
				CLANG_ENABLE_OBJC_WEAK = YES;
				CLANG_WARN_BLOCK_CAPTURE_AUTORELEASING = YES;
				CLANG_WARN_BOOL_CONVERSION = YES;
				CLANG_WARN_COMMA = YES;
				CLANG_WARN_CONSTANT_CONVERSION = YES;
				CLANG_WARN_DEPRECATED_OBJC_IMPLEMENTATIONS = YES;
				CLANG_WARN_DIRECT_OBJC_ISA_USAGE = YES_ERROR;
				CLANG_WARN_DOCUMENTATION_COMMENTS = YES;
				CLANG_WARN_EMPTY_BODY = YES;
				CLANG_WARN_ENUM_CONVERSION = YES;
				CLANG_WARN_INFINITE_RECURSION = YES;
				CLANG_WARN_INT_CONVERSION = YES;
				CLANG_WARN_NON_LITERAL_NULL_CONVERSION = YES;
				CLANG_WARN_OBJC_IMPLICIT_RETAIN_SELF = YES;
				CLANG_WARN_OBJC_LITERAL_CONVERSION = YES;
				CLANG_WARN_OBJC_ROOT_CLASS = YES_ERROR;
				CLANG_WARN_QUOTED_INCLUDE_IN_FRAMEWORK_HEADER = YES;
				CLANG_WARN_RANGE_LOOP_ANALYSIS = YES;
				CLANG_WARN_STRICT_PROTOTYPES = YES;
				CLANG_WARN_SUSPICIOUS_MOVE = YES;
				CLANG_WARN_UNGUARDED_AVAILABILITY = YES_AGGRESSIVE;
				CLANG_WARN_UNREACHABLE_CODE = YES;
				CLANG_WARN__DUPLICATE_METHOD_MATCH = YES;
				COPY_PHASE_STRIP = NO;
				DEBUG_INFORMATION_FORMAT = "dwarf-with-dsym";
				ENABLE_NS_ASSERTIONS = NO;
				ENABLE_STRICT_OBJC_MSGSEND = YES;
				GCC_C_LANGUAGE_STANDARD = gnu11;
				GCC_NO_COMMON_BLOCKS = YES;
				GCC_WARN_64_TO_32_BIT_CONVERSION = YES;
				GCC_WARN_ABOUT_RETURN_TYPE = YES_ERROR;
				GCC_WARN_UNDECLARED_SELECTOR = YES;
				GCC_WARN_UNINITIALIZED_AUTOS = YES_AGGRESSIVE;
				GCC_WARN_UNUSED_FUNCTION = YES;
				GCC_WARN_UNUSED_VARIABLE = YES;
				IPHONEOS_DEPLOYMENT_TARGET = 16.4;
				MTL_ENABLE_DEBUG_INFO = NO;
				MTL_FAST_MATH = YES;
				SDKROOT = iphoneos;
				SWIFT_COMPILATION_MODE = wholemodule;
				SWIFT_OPTIMIZATION_LEVEL = "-O";
				VALIDATE_PRODUCT = YES;
			};
			name = Release;
		};
		4497E3C229F358BD0029451E /* Debug */ = {
			isa = XCBuildConfiguration;
			buildSettings = {
				ASSETCATALOG_COMPILER_APPICON_NAME = AppIcon;
				ASSETCATALOG_COMPILER_GLOBAL_ACCENT_COLOR_NAME = AccentColor;
				CODE_SIGN_STYLE = Automatic;
				CURRENT_PROJECT_VERSION = 1;
				DEVELOPMENT_TEAM = E24P6RF94S;
				GENERATE_INFOPLIST_FILE = YES;
				INFOPLIST_FILE = ConsciousCart/Info.plist;
				INFOPLIST_KEY_CFBundleDisplayName = ConsciousCart;
				INFOPLIST_KEY_LSApplicationCategoryType = "public.app-category.finance";
				INFOPLIST_KEY_UIApplicationSupportsIndirectInputEvents = YES;
				INFOPLIST_KEY_UILaunchStoryboardName = LaunchScreen;
				INFOPLIST_KEY_UIMainStoryboardFile = Main;
				INFOPLIST_KEY_UISupportedInterfaceOrientations_iPad = "UIInterfaceOrientationPortrait UIInterfaceOrientationPortraitUpsideDown UIInterfaceOrientationLandscapeLeft UIInterfaceOrientationLandscapeRight";
				INFOPLIST_KEY_UISupportedInterfaceOrientations_iPhone = "UIInterfaceOrientationPortrait UIInterfaceOrientationLandscapeLeft UIInterfaceOrientationLandscapeRight";
				LD_RUNPATH_SEARCH_PATHS = (
					"$(inherited)",
					"@executable_path/Frameworks",
				);
				MARKETING_VERSION = 1.0;
				PRODUCT_BUNDLE_IDENTIFIER = com.giorgio.ConsciousCart;
				PRODUCT_NAME = "$(TARGET_NAME)";
				SWIFT_EMIT_LOC_STRINGS = YES;
				SWIFT_VERSION = 5.0;
				TARGETED_DEVICE_FAMILY = "1,2";
			};
			name = Debug;
		};
		4497E3C329F358BD0029451E /* Release */ = {
			isa = XCBuildConfiguration;
			buildSettings = {
				ASSETCATALOG_COMPILER_APPICON_NAME = AppIcon;
				ASSETCATALOG_COMPILER_GLOBAL_ACCENT_COLOR_NAME = AccentColor;
				CODE_SIGN_STYLE = Automatic;
				CURRENT_PROJECT_VERSION = 1;
				DEVELOPMENT_TEAM = E24P6RF94S;
				GENERATE_INFOPLIST_FILE = YES;
				INFOPLIST_FILE = ConsciousCart/Info.plist;
				INFOPLIST_KEY_CFBundleDisplayName = ConsciousCart;
				INFOPLIST_KEY_LSApplicationCategoryType = "public.app-category.finance";
				INFOPLIST_KEY_UIApplicationSupportsIndirectInputEvents = YES;
				INFOPLIST_KEY_UILaunchStoryboardName = LaunchScreen;
				INFOPLIST_KEY_UIMainStoryboardFile = Main;
				INFOPLIST_KEY_UISupportedInterfaceOrientations_iPad = "UIInterfaceOrientationPortrait UIInterfaceOrientationPortraitUpsideDown UIInterfaceOrientationLandscapeLeft UIInterfaceOrientationLandscapeRight";
				INFOPLIST_KEY_UISupportedInterfaceOrientations_iPhone = "UIInterfaceOrientationPortrait UIInterfaceOrientationLandscapeLeft UIInterfaceOrientationLandscapeRight";
				LD_RUNPATH_SEARCH_PATHS = (
					"$(inherited)",
					"@executable_path/Frameworks",
				);
				MARKETING_VERSION = 1.0;
				PRODUCT_BUNDLE_IDENTIFIER = com.giorgio.ConsciousCart;
				PRODUCT_NAME = "$(TARGET_NAME)";
				SWIFT_EMIT_LOC_STRINGS = YES;
				SWIFT_VERSION = 5.0;
				TARGETED_DEVICE_FAMILY = "1,2";
			};
			name = Release;
		};
		4497E3C529F358BD0029451E /* Debug */ = {
			isa = XCBuildConfiguration;
			buildSettings = {
				ALWAYS_EMBED_SWIFT_STANDARD_LIBRARIES = YES;
				BUNDLE_LOADER = "$(TEST_HOST)";
				CODE_SIGN_STYLE = Automatic;
				CURRENT_PROJECT_VERSION = 1;
				DEVELOPMENT_TEAM = E24P6RF94S;
				GENERATE_INFOPLIST_FILE = YES;
				IPHONEOS_DEPLOYMENT_TARGET = 16.4;
				MARKETING_VERSION = 1.0;
				PRODUCT_BUNDLE_IDENTIFIER = com.giorgio.ConsciousCartTests;
				PRODUCT_NAME = "$(TARGET_NAME)";
				SWIFT_EMIT_LOC_STRINGS = NO;
				SWIFT_VERSION = 5.0;
				TARGETED_DEVICE_FAMILY = "1,2";
				TEST_HOST = "$(BUILT_PRODUCTS_DIR)/ConsciousCart.app/$(BUNDLE_EXECUTABLE_FOLDER_PATH)/ConsciousCart";
			};
			name = Debug;
		};
		4497E3C629F358BD0029451E /* Release */ = {
			isa = XCBuildConfiguration;
			buildSettings = {
				ALWAYS_EMBED_SWIFT_STANDARD_LIBRARIES = YES;
				BUNDLE_LOADER = "$(TEST_HOST)";
				CODE_SIGN_STYLE = Automatic;
				CURRENT_PROJECT_VERSION = 1;
				DEVELOPMENT_TEAM = E24P6RF94S;
				GENERATE_INFOPLIST_FILE = YES;
				IPHONEOS_DEPLOYMENT_TARGET = 16.4;
				MARKETING_VERSION = 1.0;
				PRODUCT_BUNDLE_IDENTIFIER = com.giorgio.ConsciousCartTests;
				PRODUCT_NAME = "$(TARGET_NAME)";
				SWIFT_EMIT_LOC_STRINGS = NO;
				SWIFT_VERSION = 5.0;
				TARGETED_DEVICE_FAMILY = "1,2";
				TEST_HOST = "$(BUILT_PRODUCTS_DIR)/ConsciousCart.app/$(BUNDLE_EXECUTABLE_FOLDER_PATH)/ConsciousCart";
			};
			name = Release;
		};
		4497E3C829F358BD0029451E /* Debug */ = {
			isa = XCBuildConfiguration;
			buildSettings = {
				ALWAYS_EMBED_SWIFT_STANDARD_LIBRARIES = YES;
				CODE_SIGN_STYLE = Automatic;
				CURRENT_PROJECT_VERSION = 1;
				DEVELOPMENT_TEAM = E24P6RF94S;
				GENERATE_INFOPLIST_FILE = YES;
				MARKETING_VERSION = 1.0;
				PRODUCT_BUNDLE_IDENTIFIER = com.giorgio.ConsciousCartUITests;
				PRODUCT_NAME = "$(TARGET_NAME)";
				SWIFT_EMIT_LOC_STRINGS = NO;
				SWIFT_VERSION = 5.0;
				TARGETED_DEVICE_FAMILY = "1,2";
				TEST_TARGET_NAME = ConsciousCart;
			};
			name = Debug;
		};
		4497E3C929F358BD0029451E /* Release */ = {
			isa = XCBuildConfiguration;
			buildSettings = {
				ALWAYS_EMBED_SWIFT_STANDARD_LIBRARIES = YES;
				CODE_SIGN_STYLE = Automatic;
				CURRENT_PROJECT_VERSION = 1;
				DEVELOPMENT_TEAM = E24P6RF94S;
				GENERATE_INFOPLIST_FILE = YES;
				MARKETING_VERSION = 1.0;
				PRODUCT_BUNDLE_IDENTIFIER = com.giorgio.ConsciousCartUITests;
				PRODUCT_NAME = "$(TARGET_NAME)";
				SWIFT_EMIT_LOC_STRINGS = NO;
				SWIFT_VERSION = 5.0;
				TARGETED_DEVICE_FAMILY = "1,2";
				TEST_TARGET_NAME = ConsciousCart;
			};
			name = Release;
		};
/* End XCBuildConfiguration section */

/* Begin XCConfigurationList section */
		4497E39229F358BC0029451E /* Build configuration list for PBXProject "ConsciousCart" */ = {
			isa = XCConfigurationList;
			buildConfigurations = (
				4497E3BF29F358BD0029451E /* Debug */,
				4497E3C029F358BD0029451E /* Release */,
			);
			defaultConfigurationIsVisible = 0;
			defaultConfigurationName = Release;
		};
		4497E3C129F358BD0029451E /* Build configuration list for PBXNativeTarget "ConsciousCart" */ = {
			isa = XCConfigurationList;
			buildConfigurations = (
				4497E3C229F358BD0029451E /* Debug */,
				4497E3C329F358BD0029451E /* Release */,
			);
			defaultConfigurationIsVisible = 0;
			defaultConfigurationName = Release;
		};
		4497E3C429F358BD0029451E /* Build configuration list for PBXNativeTarget "ConsciousCartTests" */ = {
			isa = XCConfigurationList;
			buildConfigurations = (
				4497E3C529F358BD0029451E /* Debug */,
				4497E3C629F358BD0029451E /* Release */,
			);
			defaultConfigurationIsVisible = 0;
			defaultConfigurationName = Release;
		};
		4497E3C729F358BD0029451E /* Build configuration list for PBXNativeTarget "ConsciousCartUITests" */ = {
			isa = XCConfigurationList;
			buildConfigurations = (
				4497E3C829F358BD0029451E /* Debug */,
				4497E3C929F358BD0029451E /* Release */,
			);
			defaultConfigurationIsVisible = 0;
			defaultConfigurationName = Release;
		};
/* End XCConfigurationList section */

/* Begin XCRemoteSwiftPackageReference section */
		4497E3CE29F35A350029451E /* XCRemoteSwiftPackageReference "firebase-ios-sdk" */ = {
			isa = XCRemoteSwiftPackageReference;
			repositoryURL = "https://github.com/firebase/firebase-ios-sdk";
			requirement = {
				kind = upToNextMajorVersion;
				minimumVersion = 10.0.0;
			};
		};
/* End XCRemoteSwiftPackageReference section */

/* Begin XCSwiftPackageProductDependency section */
		4497E3CF29F35A350029451E /* FirebaseAuth */ = {
			isa = XCSwiftPackageProductDependency;
			package = 4497E3CE29F35A350029451E /* XCRemoteSwiftPackageReference "firebase-ios-sdk" */;
			productName = FirebaseAuth;
		};
		4497E3D129F35A350029451E /* FirebaseCrashlytics */ = {
			isa = XCSwiftPackageProductDependency;
			package = 4497E3CE29F35A350029451E /* XCRemoteSwiftPackageReference "firebase-ios-sdk" */;
			productName = FirebaseCrashlytics;
		};
		4497E3D329F35A350029451E /* FirebaseDatabaseSwift */ = {
			isa = XCSwiftPackageProductDependency;
			package = 4497E3CE29F35A350029451E /* XCRemoteSwiftPackageReference "firebase-ios-sdk" */;
			productName = FirebaseDatabaseSwift;
		};
		4497E3D529F35A350029451E /* FirebaseFirestoreSwift */ = {
			isa = XCSwiftPackageProductDependency;
			package = 4497E3CE29F35A350029451E /* XCRemoteSwiftPackageReference "firebase-ios-sdk" */;
			productName = FirebaseFirestoreSwift;
		};
		4497E3D729F35A350029451E /* FirebaseStorage */ = {
			isa = XCSwiftPackageProductDependency;
			package = 4497E3CE29F35A350029451E /* XCRemoteSwiftPackageReference "firebase-ios-sdk" */;
			productName = FirebaseStorage;
		};
/* End XCSwiftPackageProductDependency section */
	};
	rootObject = 4497E38F29F358BC0029451E /* Project object */;
}
